<?xml version="1.0" encoding="utf-8"?>
<Project ToolsVersion="4.0" xmlns="http://schemas.microsoft.com/developer/msbuild/2003">
  <ItemGroup>
    <Filter Include="Network">
      <UniqueIdentifier>{66a9cc3a-b67b-4009-a8ed-07161096b3a0}</UniqueIdentifier>
    </Filter>
    <Filter Include="GameLogic">
      <UniqueIdentifier>{31252abd-7dbc-48db-9f85-fe46109bf4db}</UniqueIdentifier>
    </Filter>
    <Filter Include="Common">
      <UniqueIdentifier>{021830ff-8b9c-4001-9292-339012ce25c3}</UniqueIdentifier>
    </Filter>
    <Filter Include="Network\Protocol">
      <UniqueIdentifier>{272dc3ed-1994-4d8e-897f-cb69acc885c2}</UniqueIdentifier>
    </Filter>
    <Filter Include="Network\DataStructure">
      <UniqueIdentifier>{1a927398-ce7f-4cbe-adfa-78be9f8b9625}</UniqueIdentifier>
    </Filter>
    <Filter Include="Network\Job">
      <UniqueIdentifier>{426007da-5a9b-4d5a-9176-711366094060}</UniqueIdentifier>
    </Filter>
    <Filter Include="Default">
      <UniqueIdentifier>{75339390-58f1-42d7-8ca7-2bdaf2a34550}</UniqueIdentifier>
    </Filter>
    <Filter Include="GameLogic\GameObject">
      <UniqueIdentifier>{b6961d8b-e05b-485e-836e-8e1fc0be14da}</UniqueIdentifier>
    </Filter>
    <Filter Include="GameLogic\Manager">
      <UniqueIdentifier>{ac30488b-3d53-4dcf-8dfb-b14e9e6247be}</UniqueIdentifier>
    </Filter>
    <Filter Include="GameLogic\Layer">
      <UniqueIdentifier>{9eaced4b-3018-406e-901b-fa8140dd0078}</UniqueIdentifier>
    </Filter>
  </ItemGroup>
  <ItemGroup>
    <ClCompile Include="CGameServer.cpp">
      <Filter>Network</Filter>
    </ClCompile>
    <ClCompile Include="CNetwork.cpp">
      <Filter>Network</Filter>
    </ClCompile>
    <ClCompile Include="Debug.cpp">
      <Filter>Common</Filter>
    </ClCompile>
    <ClCompile Include="CPacket.cpp">
      <Filter>Network\DataStructure</Filter>
    </ClCompile>
    <ClCompile Include="CRingBuffer.cpp">
      <Filter>Network\DataStructure</Filter>
    </ClCompile>
    <ClCompile Include="SessionList.cpp">
      <Filter>Network\DataStructure</Filter>
    </ClCompile>
    <ClCompile Include="PacketPool.cpp">
      <Filter>Network\DataStructure</Filter>
    </ClCompile>
    <ClCompile Include="IJob.cpp">
      <Filter>Network\Job</Filter>
    </ClCompile>
    <ClCompile Include="CJobOnRecv.cpp">
      <Filter>Network\Job</Filter>
    </ClCompile>
    <ClCompile Include="CJob.cpp">
      <Filter>Network\Job</Filter>
    </ClCompile>
    <ClCompile Include="stdafx.cpp">
      <Filter>Default</Filter>
    </ClCompile>
    <ClCompile Include="main.cpp">
      <Filter>Default</Filter>
    </ClCompile>
    <ClCompile Include="GameRoom.cpp" />
    <ClCompile Include="GameObject.cpp">
      <Filter>GameLogic\GameObject</Filter>
    </ClCompile>
    <ClCompile Include="ObjectManager.cpp">
      <Filter>GameLogic\Manager</Filter>
    </ClCompile>
    <ClCompile Include="Layer.cpp">
      <Filter>GameLogic\Layer</Filter>
    </ClCompile>
  </ItemGroup>
  <ItemGroup>
    <ClInclude Include="CircularList.h">
      <Filter>Common</Filter>
    </ClInclude>
    <ClInclude Include="Debug.h">
      <Filter>Common</Filter>
    </ClInclude>
    <ClInclude Include="CGameServer.h">
      <Filter>Network</Filter>
    </ClInclude>
    <ClInclude Include="CNetwork.h">
      <Filter>Network</Filter>
    </ClInclude>
    <ClInclude Include="MemoryPool.h">
      <Filter>Common</Filter>
    </ClInclude>
    <ClInclude Include="Protocol.h">
      <Filter>Network\Protocol</Filter>
    </ClInclude>
    <ClInclude Include="CRingBuffer.h">
      <Filter>Network\DataStructure</Filter>
    </ClInclude>
    <ClInclude Include="CPacket.h">
      <Filter>Network\DataStructure</Filter>
    </ClInclude>
    <ClInclude Include="SessionList.h">
      <Filter>Network\DataStructure</Filter>
    </ClInclude>
    <ClInclude Include="PacketPool.h">
      <Filter>Network\DataStructure</Filter>
    </ClInclude>
    <ClInclude Include="IJob.h">
      <Filter>Network\Job</Filter>
    </ClInclude>
    <ClInclude Include="CJobOnRecv.h">
      <Filter>Network\Job</Filter>
    </ClInclude>
    <ClInclude Include="CJob.h">
      <Filter>Network\Job</Filter>
    </ClInclude>
    <ClInclude Include="stdafx.h">
      <Filter>Default</Filter>
    </ClInclude>
    <ClInclude Include="GameRoom.h" />
    <ClInclude Include="Function.h">
      <Filter>Default</Filter>
    </ClInclude>
    <ClInclude Include="GameObject.h">
      <Filter>GameLogic\GameObject</Filter>
    </ClInclude>
    <ClInclude Include="ObjectManager.h">
      <Filter>GameLogic\Manager</Filter>
    </ClInclude>
    <ClInclude Include="Layer.h">
      <Filter>GameLogic\Layer</Filter>
    </ClInclude>
  </ItemGroup>
</Project>