<?xml version="1.0" encoding="utf-8"?>
<Project ToolsVersion="4.0" xmlns="http://schemas.microsoft.com/developer/msbuild/2003">
  <ItemGroup>
    <Filter Include="Texture">
      <UniqueIdentifier>{c82e7fb9-29f7-4d45-bbd3-4f9e4e711bf6}</UniqueIdentifier>
    </Filter>
    <Filter Include="Scene">
      <UniqueIdentifier>{07b99388-aaa9-4b6f-afd7-74bb6c02322b}</UniqueIdentifier>
    </Filter>
    <Filter Include="GameObject">
      <UniqueIdentifier>{8ca85b68-bdab-4c73-9f5b-2f1353ab79e6}</UniqueIdentifier>
    </Filter>
    <Filter Include="Component">
      <UniqueIdentifier>{bbd383ed-dc02-4e36-a0dc-9981d706ad10}</UniqueIdentifier>
    </Filter>
    <Filter Include="Lib">
      <UniqueIdentifier>{9e576362-dfec-47dc-a23e-edae3800e429}</UniqueIdentifier>
    </Filter>
    <Filter Include="Component\Mesh">
      <UniqueIdentifier>{1b8ffbc5-dc60-4a07-9e65-dd48a6108dc5}</UniqueIdentifier>
    </Filter>
    <Filter Include="GameObject\Cursor">
      <UniqueIdentifier>{bda8052a-9916-4274-b18c-0a5a529b869a}</UniqueIdentifier>
    </Filter>
    <Filter Include="GameObject\Camera">
      <UniqueIdentifier>{df649d77-5659-4738-9597-cb084172f1aa}</UniqueIdentifier>
    </Filter>
    <Filter Include="Lib\MainGame">
      <UniqueIdentifier>{c38811bd-fff9-4046-a675-91418121ce87}</UniqueIdentifier>
    </Filter>
    <Filter Include="Lib\Manager">
      <UniqueIdentifier>{ed27685c-7f77-443b-85ef-797bca8acdf2}</UniqueIdentifier>
    </Filter>
    <Filter Include="Component\Animation">
      <UniqueIdentifier>{8f5f6826-86f7-4bed-9621-98d62a4610b2}</UniqueIdentifier>
    </Filter>
    <Filter Include="GameObject\UI">
      <UniqueIdentifier>{ada1f413-2b4a-4d3c-aad1-eb43b9b3577e}</UniqueIdentifier>
    </Filter>
    <Filter Include="GameObject\SkyBox">
      <UniqueIdentifier>{c45ec730-8842-4b52-b2c8-607d5b9417df}</UniqueIdentifier>
    </Filter>
    <Filter Include="Network">
      <UniqueIdentifier>{02e7ca7e-8b76-4a8a-9a01-564058887fbb}</UniqueIdentifier>
    </Filter>
    <Filter Include="99. Defaults">
      <UniqueIdentifier>{b8a71775-02dc-4334-a429-7a0840044527}</UniqueIdentifier>
    </Filter>
    <Filter Include="Component\Transform">
      <UniqueIdentifier>{6256dccd-0b4d-4f31-b432-2a6b3d8573e5}</UniqueIdentifier>
    </Filter>
    <Filter Include="GameObject\UI\Inventory">
      <UniqueIdentifier>{3c5e9bdc-0eba-4712-912a-e5e5f9c2101e}</UniqueIdentifier>
    </Filter>
    <Filter Include="GameObject\Light">
      <UniqueIdentifier>{e5a5d110-ce28-4e07-8a85-b29492dc268f}</UniqueIdentifier>
    </Filter>
    <Filter Include="GameObject\Environment">
      <UniqueIdentifier>{28f50581-9192-4f77-9d55-6a780514f28b}</UniqueIdentifier>
    </Filter>
    <Filter Include="GameObject\Item">
      <UniqueIdentifier>{5d08472c-1c9f-418b-a5cf-e6c93c95fe25}</UniqueIdentifier>
    </Filter>
    <Filter Include="Component\Mesh\CustomMesh">
      <UniqueIdentifier>{137ac20c-4975-4835-98b8-adca7e67614a}</UniqueIdentifier>
    </Filter>
    <Filter Include="Component\PlayerController">
      <UniqueIdentifier>{1ee7943b-2491-4e0a-8cba-54695dbcb1a7}</UniqueIdentifier>
    </Filter>
    <Filter Include="Lib\Layer">
      <UniqueIdentifier>{a22d41a4-2c61-4c62-a2a7-27f33c384b6e}</UniqueIdentifier>
    </Filter>
    <Filter Include="Lib\Physics">
      <UniqueIdentifier>{c7edbdff-5630-4c37-823a-b77b1bf1144f}</UniqueIdentifier>
    </Filter>
    <Filter Include="Component\Collider">
      <UniqueIdentifier>{6afc8c8c-325a-4276-a6fc-a988679304bc}</UniqueIdentifier>
    </Filter>
    <Filter Include="GameObject\Test">
      <UniqueIdentifier>{9d902650-2533-4759-8bb4-32a907039059}</UniqueIdentifier>
    </Filter>
    <Filter Include="Component\Mesh\DynamicMesh">
      <UniqueIdentifier>{0c4d810f-bcbe-49f4-9317-d8ea0791a7b4}</UniqueIdentifier>
    </Filter>
    <Filter Include="Component\Mesh\StaticMesh">
      <UniqueIdentifier>{ee0fff28-54bc-4985-b651-7221fe570061}</UniqueIdentifier>
    </Filter>
    <Filter Include="BaseObject">
      <UniqueIdentifier>{18c61410-f6ed-4d31-952b-9d5d3321f181}</UniqueIdentifier>
    </Filter>
    <Filter Include="Component\Mesh\TerrainMesh">
      <UniqueIdentifier>{40c7cdf5-c873-4113-ae4c-a561ab058815}</UniqueIdentifier>
    </Filter>
    <Filter Include="Component\Mesh\NavMesh">
      <UniqueIdentifier>{1567c2d1-90f1-4141-907f-b0ca59195874}</UniqueIdentifier>
    </Filter>
    <Filter Include="Lib\Optimization">
      <UniqueIdentifier>{0e3b9727-251c-47fe-a784-a84f138d54a3}</UniqueIdentifier>
    </Filter>
    <Filter Include="Lib\Optimization\Frustum">
      <UniqueIdentifier>{82b62616-ca65-461a-8219-07c041a2de5d}</UniqueIdentifier>
    </Filter>
    <Filter Include="Lib\Optimization\QuadTree">
      <UniqueIdentifier>{b7c76fc2-c15a-4b24-a8fa-34f97a2c70d8}</UniqueIdentifier>
    </Filter>
    <Filter Include="GameObject\Unit">
      <UniqueIdentifier>{a93c336d-ec53-40d7-bc21-aa9bdd91e49d}</UniqueIdentifier>
    </Filter>
    <Filter Include="GameObject\Unit\Champion">
      <UniqueIdentifier>{be087875-16c4-4722-9130-9a2a776c103c}</UniqueIdentifier>
    </Filter>
    <Filter Include="GameObject\Unit\Building">
      <UniqueIdentifier>{733425f6-6812-4e67-aa8c-1ca64dcbcb68}</UniqueIdentifier>
    </Filter>
    <Filter Include="GameObject\Unit\Building\Turret">
      <UniqueIdentifier>{b0ae6e36-39b3-4770-8710-a589d203bdb8}</UniqueIdentifier>
    </Filter>
    <Filter Include="GameObject\Unit\Building\Nexus">
      <UniqueIdentifier>{bdf55829-ead1-4033-a866-389e2d366f21}</UniqueIdentifier>
    </Filter>
    <Filter Include="GameObject\Unit\Building\Inhibitor">
      <UniqueIdentifier>{06e8c3cd-7115-499a-80b8-7eb32e682f89}</UniqueIdentifier>
    </Filter>
    <Filter Include="Lib\PathFinder">
      <UniqueIdentifier>{858d6d39-3ede-4ba5-99a3-d41ebd52ccfc}</UniqueIdentifier>
    </Filter>
    <Filter Include="Lib\PathFinder\Dijkstra">
      <UniqueIdentifier>{ad94ff98-397a-4bcb-aec2-66cbe64fa620}</UniqueIdentifier>
    </Filter>
    <Filter Include="GameObject\Unit\UnitState">
      <UniqueIdentifier>{9263e39b-7a03-4111-960f-21e3057fc70f}</UniqueIdentifier>
    </Filter>
    <Filter Include="Lib\PathFinder\Astar">
      <UniqueIdentifier>{24b1aea9-2c11-4357-96dc-7f20b1aa0ab4}</UniqueIdentifier>
    </Filter>
    <Filter Include="Component\NavMeshAgent">
      <UniqueIdentifier>{acfe4bfa-2ecf-46e6-9a79-67634b6a336f}</UniqueIdentifier>
    </Filter>
    <Filter Include="GameObject\NavNode">
      <UniqueIdentifier>{551d6800-afd7-4423-b905-5bba7b2f1f65}</UniqueIdentifier>
    </Filter>
    <Filter Include="GameObject\Environment\NavMeshMap">
      <UniqueIdentifier>{b51fdb6e-b7f9-4ee7-925a-d319f500d3a2}</UniqueIdentifier>
    </Filter>
    <Filter Include="GameObject\Environment\Wall">
      <UniqueIdentifier>{445d4cd0-b4f3-4566-bcef-2b8c3df2c4b7}</UniqueIdentifier>
    </Filter>
  </ItemGroup>
  <ItemGroup>
    <ClInclude Include="CollisionManager.h">
      <Filter>Lib\Manager</Filter>
    </ClInclude>
    <ClInclude Include="FileManager.h">
      <Filter>Lib\Manager</Filter>
    </ClInclude>
    <ClInclude Include="InputManager.h">
      <Filter>Lib\Manager</Filter>
    </ClInclude>
    <ClInclude Include="ObjectManager.h">
      <Filter>Lib\Manager</Filter>
    </ClInclude>
    <ClInclude Include="SceneManager.h">
      <Filter>Lib\Manager</Filter>
    </ClInclude>
    <ClInclude Include="TimeManager.h">
      <Filter>Lib\Manager</Filter>
    </ClInclude>
    <ClInclude Include="Vector3.h">
      <Filter>Lib</Filter>
    </ClInclude>
    <ClInclude Include="Point.h">
      <Filter>Lib</Filter>
    </ClInclude>
    <ClInclude Include="MemoryPool.h">
      <Filter>Lib</Filter>
    </ClInclude>
    <ClInclude Include="MainGame.h">
      <Filter>Lib\MainGame</Filter>
    </ClInclude>
    <ClInclude Include="TestScene.h">
      <Filter>Scene</Filter>
    </ClInclude>
    <ClInclude Include="IScene.h">
      <Filter>Scene</Filter>
    </ClInclude>
    <ClInclude Include="SoundManager.h">
      <Filter>Lib\Manager</Filter>
    </ClInclude>
    <ClInclude Include="GameObject.h">
      <Filter>GameObject</Filter>
    </ClInclude>
    <ClInclude Include="Camera.h">
      <Filter>GameObject\Camera</Filter>
    </ClInclude>
    <ClInclude Include="Vertex.h">
      <Filter>Lib</Filter>
    </ClInclude>
    <ClInclude Include="Color.h">
      <Filter>Lib</Filter>
    </ClInclude>
    <ClInclude Include="Quaternion.h">
      <Filter>Lib</Filter>
    </ClInclude>
    <ClInclude Include="Matrix.h">
      <Filter>Lib</Filter>
    </ClInclude>
    <ClInclude Include="Cursor.h">
      <Filter>GameObject\Cursor</Filter>
    </ClInclude>
    <ClInclude Include="Random.h">
      <Filter>Lib</Filter>
    </ClInclude>
    <ClInclude Include="Functions.h">
      <Filter>Lib</Filter>
    </ClInclude>
    <ClInclude Include="Animation2D.h">
      <Filter>Component\Animation</Filter>
    </ClInclude>
    <ClInclude Include="UI.h">
      <Filter>GameObject\UI</Filter>
    </ClInclude>
    <ClInclude Include="SkyBox.h">
      <Filter>GameObject\SkyBox</Filter>
    </ClInclude>
    <ClInclude Include="TitleScene.h">
      <Filter>Scene</Filter>
    </ClInclude>
    <ClInclude Include="UI_Title.h">
      <Filter>GameObject\UI</Filter>
    </ClInclude>
    <ClInclude Include="Network.h">
      <Filter>Network</Filter>
    </ClInclude>
    <ClInclude Include="CPacket.h">
      <Filter>Network</Filter>
    </ClInclude>
    <ClInclude Include="CRingBuffer.h">
      <Filter>Network</Filter>
    </ClInclude>
    <ClInclude Include="Protocol.h">
      <Filter>Network</Filter>
    </ClInclude>
    <ClInclude Include="Debug.h">
      <Filter>Lib</Filter>
    </ClInclude>
    <ClInclude Include="LobbyWindow.h">
      <Filter>Lib\MainGame</Filter>
    </ClInclude>
    <ClInclude Include="D3DFramework.h">
      <Filter>99. Defaults</Filter>
    </ClInclude>
    <ClInclude Include="Define.h">
      <Filter>99. Defaults</Filter>
    </ClInclude>
    <ClInclude Include="framework.h">
      <Filter>99. Defaults</Filter>
    </ClInclude>
    <ClInclude Include="Resource.h">
      <Filter>99. Defaults</Filter>
    </ClInclude>
    <ClInclude Include="stdafx.h">
      <Filter>99. Defaults</Filter>
    </ClInclude>
    <ClInclude Include="targetver.h">
      <Filter>99. Defaults</Filter>
    </ClInclude>
    <ClInclude Include="Transform.h">
      <Filter>Component\Transform</Filter>
    </ClInclude>
    <ClInclude Include="Button.h">
      <Filter>GameObject\UI</Filter>
    </ClInclude>
    <ClInclude Include="Panel.h">
      <Filter>GameObject\UI</Filter>
    </ClInclude>
    <ClInclude Include="AllMeshs.h">
      <Filter>Component\Mesh</Filter>
    </ClInclude>
    <ClInclude Include="Struct.h">
      <Filter>99. Defaults</Filter>
    </ClInclude>
    <ClInclude Include="Texture.h">
      <Filter>Texture</Filter>
    </ClInclude>
    <ClInclude Include="Inventory.h">
      <Filter>GameObject\UI\Inventory</Filter>
    </ClInclude>
    <ClInclude Include="Slot.h">
      <Filter>GameObject\UI\Inventory</Filter>
    </ClInclude>
    <ClInclude Include="Light.h">
      <Filter>GameObject\Light</Filter>
    </ClInclude>
    <ClInclude Include="LightManager.h">
      <Filter>Lib\Manager</Filter>
    </ClInclude>
    <ClInclude Include="LoadManager.h">
      <Filter>Lib\Manager</Filter>
    </ClInclude>
    <ClInclude Include="RenderManager.h">
      <Filter>Lib\Manager</Filter>
    </ClInclude>
    <ClInclude Include="Label.h">
      <Filter>GameObject\UI</Filter>
    </ClInclude>
    <ClInclude Include="Environment.h">
      <Filter>GameObject\Environment</Filter>
    </ClInclude>
    <ClInclude Include="IComponent.h">
      <Filter>Component</Filter>
    </ClInclude>
    <ClInclude Include="Item.h">
      <Filter>GameObject\Item</Filter>
    </ClInclude>
    <ClInclude Include="Mesh.h">
      <Filter>Component\Mesh</Filter>
    </ClInclude>
    <ClInclude Include="Triangle.h">
      <Filter>Component\Mesh\CustomMesh</Filter>
    </ClInclude>
    <ClInclude Include="Terrain.h">
      <Filter>Component\Mesh\CustomMesh</Filter>
    </ClInclude>
    <ClInclude Include="Rectangle.h">
      <Filter>Component\Mesh\CustomMesh</Filter>
    </ClInclude>
    <ClInclude Include="Plane.h">
      <Filter>Component\Mesh\CustomMesh</Filter>
    </ClInclude>
    <ClInclude Include="CustomMesh.h">
      <Filter>Component\Mesh\CustomMesh</Filter>
    </ClInclude>
    <ClInclude Include="Cube.h">
      <Filter>Component\Mesh\CustomMesh</Filter>
    </ClInclude>
    <ClInclude Include="LoadingScene.h">
      <Filter>Scene</Filter>
    </ClInclude>
    <ClInclude Include="PlayerController.h">
      <Filter>Component\PlayerController</Filter>
    </ClInclude>
    <ClInclude Include="Layer.h">
      <Filter>Lib\Layer</Filter>
    </ClInclude>
    <ClInclude Include="Physics.h">
      <Filter>Lib\Physics</Filter>
    </ClInclude>
    <ClInclude Include="Collider.h">
      <Filter>Component\Collider</Filter>
    </ClInclude>
    <ClInclude Include="SphereCollider.h">
      <Filter>Component\Collider</Filter>
    </ClInclude>
    <ClInclude Include="BoxCollider.h">
      <Filter>Component\Collider</Filter>
    </ClInclude>
    <ClInclude Include="TestMan.h">
      <Filter>GameObject\Test</Filter>
    </ClInclude>
    <ClInclude Include="DynamicMesh.h">
      <Filter>Component\Mesh\DynamicMesh</Filter>
    </ClInclude>
    <ClInclude Include="StaticMesh.h">
      <Filter>Component\Mesh\StaticMesh</Filter>
    </ClInclude>
    <ClInclude Include="HierarchyLoader.h">
      <Filter>Component\Mesh\DynamicMesh</Filter>
    </ClInclude>
    <ClInclude Include="AnimationController.h">
      <Filter>Component\Mesh\DynamicMesh</Filter>
    </ClInclude>
    <ClInclude Include="BaseObject.h">
      <Filter>BaseObject</Filter>
    </ClInclude>
    <ClInclude Include="MeshCollider.h">
      <Filter>Component\Collider</Filter>
    </ClInclude>
    <ClInclude Include="TerrainMesh.h">
      <Filter>Component\Mesh\TerrainMesh</Filter>
    </ClInclude>
    <ClInclude Include="Optimization.h">
      <Filter>Lib\Optimization</Filter>
    </ClInclude>
    <ClInclude Include="Frustum.h">
      <Filter>Lib\Optimization\Frustum</Filter>
    </ClInclude>
    <ClInclude Include="NavMeshMap.h">
      <Filter>GameObject\Environment\NavMeshMap</Filter>
    </ClInclude>
    <ClInclude Include="TestGaren.h">
      <Filter>GameObject\Test</Filter>
    </ClInclude>
    <ClInclude Include="Unit.h">
      <Filter>GameObject\Unit</Filter>
    </ClInclude>
    <ClInclude Include="Champion.h">
      <Filter>GameObject\Unit\Champion</Filter>
    </ClInclude>
    <ClInclude Include="Building.h">
      <Filter>GameObject\Unit\Building</Filter>
    </ClInclude>
    <ClInclude Include="PathFinder.h">
      <Filter>Lib\PathFinder</Filter>
    </ClInclude>
    <ClInclude Include="Dijkstra.h">
      <Filter>Lib\PathFinder\Dijkstra</Filter>
    </ClInclude>
    <ClInclude Include="QuadTree.h">
      <Filter>Lib\Optimization\QuadTree</Filter>
    </ClInclude>
    <ClInclude Include="NavMesh.h">
      <Filter>Component\Mesh\NavMesh</Filter>
    </ClInclude>
    <ClInclude Include="Astar.h">
      <Filter>Lib\PathFinder\Astar</Filter>
    </ClInclude>
    <ClInclude Include="NavNode.h">
      <Filter>GameObject\NavNode</Filter>
    </ClInclude>
    <ClInclude Include="NavMeshAgent.h">
      <Filter>Component\NavMeshAgent</Filter>
    </ClInclude>
    <ClInclude Include="UnitState.h">
      <Filter>GameObject\Unit\UnitState</Filter>
    </ClInclude>
    <ClInclude Include="NavNodeManager.h" />
    <ClInclude Include="Wall.h" />
  </ItemGroup>
  <ItemGroup>
    <ClCompile Include="CollisionManager.cpp">
      <Filter>Lib\Manager</Filter>
    </ClCompile>
    <ClCompile Include="FileManager.cpp">
      <Filter>Lib\Manager</Filter>
    </ClCompile>
    <ClCompile Include="InputManager.cpp">
      <Filter>Lib\Manager</Filter>
    </ClCompile>
    <ClCompile Include="ObjectManager.cpp">
      <Filter>Lib\Manager</Filter>
    </ClCompile>
    <ClCompile Include="SceneManager.cpp">
      <Filter>Lib\Manager</Filter>
    </ClCompile>
    <ClCompile Include="TimeManager.cpp">
      <Filter>Lib\Manager</Filter>
    </ClCompile>
    <ClCompile Include="Vector3.cpp">
      <Filter>Lib</Filter>
    </ClCompile>
    <ClCompile Include="Texture.cpp">
      <Filter>Texture</Filter>
    </ClCompile>
    <ClCompile Include="MainGame.cpp">
      <Filter>Lib\MainGame</Filter>
    </ClCompile>
    <ClCompile Include="TestScene.cpp">
      <Filter>Scene</Filter>
    </ClCompile>
    <ClCompile Include="IScene.cpp">
      <Filter>Scene</Filter>
    </ClCompile>
    <ClCompile Include="SoundManager.cpp">
      <Filter>Lib\Manager</Filter>
    </ClCompile>
    <ClCompile Include="GameObject.cpp">
      <Filter>GameObject</Filter>
    </ClCompile>
    <ClCompile Include="Camera.cpp">
      <Filter>GameObject\Camera</Filter>
    </ClCompile>
    <ClCompile Include="Vertex.cpp">
      <Filter>Lib</Filter>
    </ClCompile>
    <ClCompile Include="Color.cpp">
      <Filter>Lib</Filter>
    </ClCompile>
    <ClCompile Include="Matrix.cpp">
      <Filter>Lib</Filter>
    </ClCompile>
    <ClCompile Include="Quaternion.cpp">
      <Filter>Lib</Filter>
    </ClCompile>
    <ClCompile Include="Random.cpp">
      <Filter>Lib</Filter>
    </ClCompile>
    <ClCompile Include="Cursor.cpp">
      <Filter>GameObject\Cursor</Filter>
    </ClCompile>
    <ClCompile Include="Animation2D.cpp">
      <Filter>Component\Animation</Filter>
    </ClCompile>
    <ClCompile Include="UI.cpp">
      <Filter>GameObject\UI</Filter>
    </ClCompile>
    <ClCompile Include="SkyBox.cpp">
      <Filter>GameObject\SkyBox</Filter>
    </ClCompile>
    <ClCompile Include="TitleScene.cpp">
      <Filter>Scene</Filter>
    </ClCompile>
    <ClCompile Include="UI_Title.cpp">
      <Filter>GameObject\UI</Filter>
    </ClCompile>
    <ClCompile Include="Network.cpp">
      <Filter>Network</Filter>
    </ClCompile>
    <ClCompile Include="CPacket.cpp">
      <Filter>Network</Filter>
    </ClCompile>
    <ClCompile Include="CRingBuffer.cpp">
      <Filter>Network</Filter>
    </ClCompile>
    <ClCompile Include="GameObject.cpp">
      <Filter>GameObject</Filter>
    </ClCompile>
    <ClCompile Include="Matrix.cpp">
      <Filter>Lib</Filter>
    </ClCompile>
    <ClCompile Include="Vertex.cpp">
      <Filter>Lib</Filter>
    </ClCompile>
    <ClCompile Include="Vector3.cpp">
      <Filter>Lib</Filter>
    </ClCompile>
    <ClCompile Include="Texture.cpp">
      <Filter>Lib</Filter>
    </ClCompile>
    <ClCompile Include="Color.cpp">
      <Filter>Lib</Filter>
    </ClCompile>
    <ClCompile Include="Camera.cpp">
      <Filter>GameObject\Camera</Filter>
    </ClCompile>
    <ClCompile Include="IComponent.cpp">
      <Filter>Component</Filter>
    </ClCompile>
    <ClCompile Include="Animation2D.cpp">
      <Filter>Component\Animation</Filter>
    </ClCompile>
    <ClCompile Include="FileManager.cpp">
      <Filter>Lib\Manager</Filter>
    </ClCompile>
    <ClCompile Include="InputManager.cpp">
      <Filter>Lib\Manager</Filter>
    </ClCompile>
    <ClCompile Include="TimeManager.cpp">
      <Filter>Lib\Manager</Filter>
    </ClCompile>
    <ClCompile Include="SoundManager.cpp">
      <Filter>Lib\Manager</Filter>
    </ClCompile>
    <ClCompile Include="SceneManager.cpp">
      <Filter>Lib\Manager</Filter>
    </ClCompile>
    <ClCompile Include="ObjectManager.cpp">
      <Filter>Lib\Manager</Filter>
    </ClCompile>
    <ClCompile Include="CollisionManager.cpp">
      <Filter>Lib\Manager</Filter>
    </ClCompile>
    <ClCompile Include="CPacket.cpp">
      <Filter>Network</Filter>
    </ClCompile>
    <ClCompile Include="CRingBuffer.cpp">
      <Filter>Network</Filter>
    </ClCompile>
    <ClCompile Include="Network.cpp">
      <Filter>Network</Filter>
    </ClCompile>
    <ClCompile Include="Quaternion.cpp">
      <Filter>Lib</Filter>
    </ClCompile>
    <ClCompile Include="Random.cpp">
      <Filter>Lib</Filter>
    </ClCompile>
    <ClCompile Include="Cursor.cpp">
      <Filter>GameObject\Cursor</Filter>
    </ClCompile>
    <ClCompile Include="TitleScene.cpp">
      <Filter>Scene</Filter>
    </ClCompile>
    <ClCompile Include="TestScene.cpp">
      <Filter>Scene</Filter>
    </ClCompile>
    <ClCompile Include="IScene.cpp">
      <Filter>Scene</Filter>
    </ClCompile>
    <ClCompile Include="Debug.cpp">
      <Filter>Lib</Filter>
    </ClCompile>
    <ClCompile Include="MainGame.cpp">
      <Filter>Lib\MainGame</Filter>
    </ClCompile>
    <ClCompile Include="LobbyWindow.cpp">
      <Filter>Lib\MainGame</Filter>
    </ClCompile>
    <ClCompile Include="SkyBox.cpp">
      <Filter>GameObject\SkyBox</Filter>
    </ClCompile>
    <ClCompile Include="UI.cpp">
      <Filter>GameObject\UI</Filter>
    </ClCompile>
    <ClCompile Include="UI_Title.cpp">
      <Filter>GameObject\UI</Filter>
    </ClCompile>
    <ClCompile Include="D3DFramework.cpp">
      <Filter>99. Defaults</Filter>
    </ClCompile>
    <ClCompile Include="stdafx.cpp">
      <Filter>99. Defaults</Filter>
    </ClCompile>
    <ClCompile Include="D3DFramework.cpp" />
    <ClCompile Include="stdafx.cpp" />
    <ClCompile Include="Transform.cpp">
      <Filter>Component\Transform</Filter>
    </ClCompile>
    <ClCompile Include="Transform.cpp">
      <Filter>Component\Transform</Filter>
    </ClCompile>
    <ClCompile Include="Button.cpp">
      <Filter>GameObject\UI</Filter>
    </ClCompile>
    <ClCompile Include="Panel.cpp">
      <Filter>GameObject\UI</Filter>
    </ClCompile>
    <ClCompile Include="Inventory.cpp">
      <Filter>GameObject\UI\Inventory</Filter>
    </ClCompile>
    <ClCompile Include="Slot.cpp">
      <Filter>GameObject\UI\Inventory</Filter>
    </ClCompile>
    <ClCompile Include="Light.cpp">
      <Filter>GameObject\Light</Filter>
    </ClCompile>
    <ClCompile Include="LightManager.cpp">
      <Filter>Lib\Manager</Filter>
    </ClCompile>
    <ClCompile Include="LoadManager.cpp">
      <Filter>Lib\Manager</Filter>
    </ClCompile>
    <ClCompile Include="RenderManager.cpp">
      <Filter>Lib\Manager</Filter>
    </ClCompile>
    <ClCompile Include="Label.cpp">
      <Filter>GameObject\UI</Filter>
    </ClCompile>
    <ClCompile Include="Environment.cpp">
      <Filter>GameObject\Environment</Filter>
    </ClCompile>
    <ClCompile Include="IComponent.cpp">
      <Filter>Component</Filter>
    </ClCompile>
    <ClCompile Include="Item.cpp">
      <Filter>GameObject\Item</Filter>
    </ClCompile>
    <ClCompile Include="Mesh.cpp">
      <Filter>Component\Mesh</Filter>
    </ClCompile>
    <ClCompile Include="Terrain.cpp">
      <Filter>Component\Mesh\CustomMesh</Filter>
    </ClCompile>
    <ClCompile Include="Triangle.cpp">
      <Filter>Component\Mesh\CustomMesh</Filter>
    </ClCompile>
    <ClCompile Include="Plane.cpp">
      <Filter>Component\Mesh\CustomMesh</Filter>
    </ClCompile>
    <ClCompile Include="Rectangle.cpp">
      <Filter>Component\Mesh\CustomMesh</Filter>
    </ClCompile>
    <ClCompile Include="Cube.cpp">
      <Filter>Component\Mesh\CustomMesh</Filter>
    </ClCompile>
    <ClCompile Include="CustomMesh.cpp">
      <Filter>Component\Mesh\CustomMesh</Filter>
    </ClCompile>
    <ClCompile Include="LoadingScene.cpp">
      <Filter>Scene</Filter>
    </ClCompile>
    <ClCompile Include="PlayerController.cpp">
      <Filter>Component\PlayerController</Filter>
    </ClCompile>
    <ClCompile Include="Layer.cpp">
      <Filter>Lib\Layer</Filter>
    </ClCompile>
    <ClCompile Include="Physics.cpp">
      <Filter>Lib\Physics</Filter>
    </ClCompile>
    <ClCompile Include="Collider.cpp">
      <Filter>Component\Collider</Filter>
    </ClCompile>
    <ClCompile Include="Plane.cpp">
      <Filter>Component\Mesh\CustomMesh</Filter>
    </ClCompile>
    <ClCompile Include="Rectangle.cpp">
      <Filter>Component\Mesh\CustomMesh</Filter>
    </ClCompile>
    <ClCompile Include="Terrain.cpp">
      <Filter>Component\Mesh\CustomMesh</Filter>
    </ClCompile>
    <ClCompile Include="Triangle.cpp">
      <Filter>Component\Mesh\CustomMesh</Filter>
    </ClCompile>
    <ClCompile Include="Cube.cpp">
      <Filter>Component\Mesh\CustomMesh</Filter>
    </ClCompile>
    <ClCompile Include="SphereCollider.cpp">
      <Filter>Component\Collider</Filter>
    </ClCompile>
    <ClCompile Include="BoxCollider.cpp">
      <Filter>Component\Collider</Filter>
    </ClCompile>
    <ClCompile Include="TestMan.cpp">
      <Filter>GameObject\Test</Filter>
    </ClCompile>
    <ClCompile Include="DynamicMesh.cpp">
      <Filter>Component\Mesh\DynamicMesh</Filter>
    </ClCompile>
    <ClCompile Include="StaticMesh.cpp">
      <Filter>Component\Mesh\StaticMesh</Filter>
    </ClCompile>
    <ClCompile Include="HierarchyLoader.cpp">
      <Filter>Component\Mesh\DynamicMesh</Filter>
    </ClCompile>
    <ClCompile Include="AnimationController.cpp">
      <Filter>Component\Mesh\DynamicMesh</Filter>
    </ClCompile>
    <ClCompile Include="MeshCollider.cpp">
      <Filter>Component\Collider</Filter>
    </ClCompile>
    <ClCompile Include="TerrainMesh.cpp">
      <Filter>Component\Mesh\TerrainMesh</Filter>
    </ClCompile>
    <ClCompile Include="Optimization.cpp">
      <Filter>Lib\Optimization</Filter>
    </ClCompile>
    <ClCompile Include="Frustum.cpp">
      <Filter>Lib\Optimization\Frustum</Filter>
    </ClCompile>
    <ClCompile Include="NavMeshMap.cpp">
      <Filter>GameObject\Environment\NavMeshMap</Filter>
    </ClCompile>
    <ClCompile Include="TestGaren.cpp">
      <Filter>GameObject\Test</Filter>
    </ClCompile>
    <ClCompile Include="Unit.cpp">
      <Filter>GameObject\Unit</Filter>
    </ClCompile>
    <ClCompile Include="Champion.cpp">
      <Filter>GameObject\Unit\Champion</Filter>
    </ClCompile>
    <ClCompile Include="Building.cpp">
      <Filter>GameObject\Unit\Building</Filter>
    </ClCompile>
    <ClCompile Include="PathFinder.cpp">
      <Filter>Lib\PathFinder</Filter>
    </ClCompile>
    <ClCompile Include="Dijkstra.cpp">
      <Filter>Lib\PathFinder\Dijkstra</Filter>
    </ClCompile>
    <ClCompile Include="QuadTree.cpp">
      <Filter>Lib\Optimization\QuadTree</Filter>
    </ClCompile>
    <ClCompile Include="NavMesh.cpp">
      <Filter>Component\Mesh\NavMesh</Filter>
    </ClCompile>
    <ClCompile Include="Astar.cpp">
      <Filter>Lib\PathFinder\Astar</Filter>
    </ClCompile>
    <ClCompile Include="NavNode.cpp">
      <Filter>GameObject\NavNode</Filter>
    </ClCompile>
    <ClCompile Include="NavMeshAgent.cpp">
      <Filter>Component\NavMeshAgent</Filter>
    </ClCompile>
    <ClCompile Include="UnitState.cpp">
      <Filter>GameObject\Unit\UnitState</Filter>
    </ClCompile>
    <ClCompile Include="NavNodeManager.cpp" />
    <ClCompile Include="Wall.cpp" />
  </ItemGroup>
  <ItemGroup>
    <Image Include="D3DFramework.ico">
      <Filter>99. Defaults</Filter>
    </Image>
    <Image Include="small.ico">
      <Filter>99. Defaults</Filter>
    </Image>
  </ItemGroup>
  <ItemGroup>
    <ResourceCompile Include="D3DFramework.rc">
      <Filter>99. Defaults</Filter>
    </ResourceCompile>
  </ItemGroup>
  <ItemGroup>
    <Text Include="CodingConvention.txt" />
    <Text Include="TODO.txt" />
  </ItemGroup>
  <ItemGroup>
    <None Include="BaseObject.inl">
      <Filter>BaseObject</Filter>
    </None>
  </ItemGroup>
</Project>