<?xml version="1.0" encoding="utf-8"?>
<Project ToolsVersion="4.0" xmlns="http://schemas.microsoft.com/developer/msbuild/2003">
  <ItemGroup>
    <Filter Include="Texture">
      <UniqueIdentifier>{c82e7fb9-29f7-4d45-bbd3-4f9e4e711bf6}</UniqueIdentifier>
    </Filter>
    <Filter Include="Scene">
      <UniqueIdentifier>{07b99388-aaa9-4b6f-afd7-74bb6c02322b}</UniqueIdentifier>
    </Filter>
    <Filter Include="GameObject">
      <UniqueIdentifier>{8ca85b68-bdab-4c73-9f5b-2f1353ab79e6}</UniqueIdentifier>
    </Filter>
    <Filter Include="Component">
      <UniqueIdentifier>{bbd383ed-dc02-4e36-a0dc-9981d706ad10}</UniqueIdentifier>
    </Filter>
    <Filter Include="Lib">
      <UniqueIdentifier>{9e576362-dfec-47dc-a23e-edae3800e429}</UniqueIdentifier>
    </Filter>
    <Filter Include="Component\Mesh">
      <UniqueIdentifier>{1b8ffbc5-dc60-4a07-9e65-dd48a6108dc5}</UniqueIdentifier>
    </Filter>
    <Filter Include="GameObject\Cursor">
      <UniqueIdentifier>{bda8052a-9916-4274-b18c-0a5a529b869a}</UniqueIdentifier>
    </Filter>
    <Filter Include="GameObject\Camera">
      <UniqueIdentifier>{df649d77-5659-4738-9597-cb084172f1aa}</UniqueIdentifier>
    </Filter>
    <Filter Include="Lib\MainGame">
      <UniqueIdentifier>{c38811bd-fff9-4046-a675-91418121ce87}</UniqueIdentifier>
    </Filter>
    <Filter Include="Lib\Manager">
      <UniqueIdentifier>{ed27685c-7f77-443b-85ef-797bca8acdf2}</UniqueIdentifier>
    </Filter>
    <Filter Include="Component\Animation">
      <UniqueIdentifier>{8f5f6826-86f7-4bed-9621-98d62a4610b2}</UniqueIdentifier>
    </Filter>
    <Filter Include="GameObject\SkyBox">
      <UniqueIdentifier>{c45ec730-8842-4b52-b2c8-607d5b9417df}</UniqueIdentifier>
    </Filter>
    <Filter Include="Network">
      <UniqueIdentifier>{02e7ca7e-8b76-4a8a-9a01-564058887fbb}</UniqueIdentifier>
    </Filter>
    <Filter Include="99. Defaults">
      <UniqueIdentifier>{b8a71775-02dc-4334-a429-7a0840044527}</UniqueIdentifier>
    </Filter>
    <Filter Include="Component\Transform">
      <UniqueIdentifier>{6256dccd-0b4d-4f31-b432-2a6b3d8573e5}</UniqueIdentifier>
    </Filter>
    <Filter Include="GameObject\Light">
      <UniqueIdentifier>{e5a5d110-ce28-4e07-8a85-b29492dc268f}</UniqueIdentifier>
    </Filter>
    <Filter Include="GameObject\Environment">
      <UniqueIdentifier>{28f50581-9192-4f77-9d55-6a780514f28b}</UniqueIdentifier>
    </Filter>
    <Filter Include="GameObject\Item">
      <UniqueIdentifier>{5d08472c-1c9f-418b-a5cf-e6c93c95fe25}</UniqueIdentifier>
    </Filter>
    <Filter Include="Component\Mesh\CustomMesh">
      <UniqueIdentifier>{137ac20c-4975-4835-98b8-adca7e67614a}</UniqueIdentifier>
    </Filter>
    <Filter Include="Component\PlayerController">
      <UniqueIdentifier>{1ee7943b-2491-4e0a-8cba-54695dbcb1a7}</UniqueIdentifier>
    </Filter>
    <Filter Include="Lib\Layer">
      <UniqueIdentifier>{a22d41a4-2c61-4c62-a2a7-27f33c384b6e}</UniqueIdentifier>
    </Filter>
    <Filter Include="Lib\Physics">
      <UniqueIdentifier>{c7edbdff-5630-4c37-823a-b77b1bf1144f}</UniqueIdentifier>
    </Filter>
    <Filter Include="Component\Collider">
      <UniqueIdentifier>{6afc8c8c-325a-4276-a6fc-a988679304bc}</UniqueIdentifier>
    </Filter>
    <Filter Include="GameObject\Test">
      <UniqueIdentifier>{9d902650-2533-4759-8bb4-32a907039059}</UniqueIdentifier>
    </Filter>
    <Filter Include="Component\Mesh\DynamicMesh">
      <UniqueIdentifier>{0c4d810f-bcbe-49f4-9317-d8ea0791a7b4}</UniqueIdentifier>
    </Filter>
    <Filter Include="Component\Mesh\StaticMesh">
      <UniqueIdentifier>{ee0fff28-54bc-4985-b651-7221fe570061}</UniqueIdentifier>
    </Filter>
    <Filter Include="BaseObject">
      <UniqueIdentifier>{18c61410-f6ed-4d31-952b-9d5d3321f181}</UniqueIdentifier>
    </Filter>
    <Filter Include="Component\Mesh\TerrainMesh">
      <UniqueIdentifier>{40c7cdf5-c873-4113-ae4c-a561ab058815}</UniqueIdentifier>
    </Filter>
    <Filter Include="Component\Mesh\NavMesh">
      <UniqueIdentifier>{1567c2d1-90f1-4141-907f-b0ca59195874}</UniqueIdentifier>
    </Filter>
    <Filter Include="Lib\Optimization">
      <UniqueIdentifier>{0e3b9727-251c-47fe-a784-a84f138d54a3}</UniqueIdentifier>
    </Filter>
    <Filter Include="Lib\Optimization\Frustum">
      <UniqueIdentifier>{82b62616-ca65-461a-8219-07c041a2de5d}</UniqueIdentifier>
    </Filter>
    <Filter Include="Lib\Optimization\QuadTree">
      <UniqueIdentifier>{b7c76fc2-c15a-4b24-a8fa-34f97a2c70d8}</UniqueIdentifier>
    </Filter>
    <Filter Include="GameObject\Unit">
      <UniqueIdentifier>{a93c336d-ec53-40d7-bc21-aa9bdd91e49d}</UniqueIdentifier>
    </Filter>
    <Filter Include="GameObject\Unit\Champion">
      <UniqueIdentifier>{be087875-16c4-4722-9130-9a2a776c103c}</UniqueIdentifier>
    </Filter>
    <Filter Include="GameObject\Unit\Building">
      <UniqueIdentifier>{733425f6-6812-4e67-aa8c-1ca64dcbcb68}</UniqueIdentifier>
    </Filter>
    <Filter Include="GameObject\Unit\Building\Turret">
      <UniqueIdentifier>{b0ae6e36-39b3-4770-8710-a589d203bdb8}</UniqueIdentifier>
    </Filter>
    <Filter Include="GameObject\Unit\Building\Nexus">
      <UniqueIdentifier>{bdf55829-ead1-4033-a866-389e2d366f21}</UniqueIdentifier>
    </Filter>
    <Filter Include="GameObject\Unit\Building\Inhibitor">
      <UniqueIdentifier>{06e8c3cd-7115-499a-80b8-7eb32e682f89}</UniqueIdentifier>
    </Filter>
    <Filter Include="Lib\PathFinder">
      <UniqueIdentifier>{858d6d39-3ede-4ba5-99a3-d41ebd52ccfc}</UniqueIdentifier>
    </Filter>
    <Filter Include="Lib\PathFinder\Dijkstra">
      <UniqueIdentifier>{ad94ff98-397a-4bcb-aec2-66cbe64fa620}</UniqueIdentifier>
    </Filter>
    <Filter Include="Lib\PathFinder\Astar">
      <UniqueIdentifier>{24b1aea9-2c11-4357-96dc-7f20b1aa0ab4}</UniqueIdentifier>
    </Filter>
    <Filter Include="Component\NavMeshAgent">
      <UniqueIdentifier>{acfe4bfa-2ecf-46e6-9a79-67634b6a336f}</UniqueIdentifier>
    </Filter>
    <Filter Include="GameObject\NavNode">
      <UniqueIdentifier>{551d6800-afd7-4423-b905-5bba7b2f1f65}</UniqueIdentifier>
    </Filter>
    <Filter Include="GameObject\Environment\NavMeshMap">
      <UniqueIdentifier>{b51fdb6e-b7f9-4ee7-925a-d319f500d3a2}</UniqueIdentifier>
    </Filter>
    <Filter Include="GameObject\Environment\Wall">
      <UniqueIdentifier>{445d4cd0-b4f3-4566-bcef-2b8c3df2c4b7}</UniqueIdentifier>
    </Filter>
    <Filter Include="GameObject\Unit\Champion\Garen">
      <UniqueIdentifier>{3c071cca-8a9d-4cc8-9d11-23a88b552bc6}</UniqueIdentifier>
    </Filter>
    <Filter Include="GameObject\Unit\Champion\Darius">
      <UniqueIdentifier>{43e9f780-3900-49e8-8044-108837966287}</UniqueIdentifier>
    </Filter>
    <Filter Include="GameObject\Unit\Champion\Leesin">
      <UniqueIdentifier>{f2512602-92ed-4d10-93e7-fb3f26756240}</UniqueIdentifier>
    </Filter>
    <Filter Include="GameObject\Unit\Champion\Diana">
      <UniqueIdentifier>{6eec912d-f143-4da6-87c9-277c9cf34dcf}</UniqueIdentifier>
    </Filter>
    <Filter Include="GameObject\Unit\Champion\Ahri">
      <UniqueIdentifier>{028d3dd2-aa8d-4a78-bf37-c411125535bc}</UniqueIdentifier>
    </Filter>
    <Filter Include="GameObject\Unit\Champion\Missfortune">
      <UniqueIdentifier>{6fabfae0-eb0c-47d3-a93a-40c7853baf2d}</UniqueIdentifier>
    </Filter>
    <Filter Include="GameObject\Unit\Champion\Jinx">
      <UniqueIdentifier>{3c03bb96-70ac-4eb5-a39f-d7e2adcaab8d}</UniqueIdentifier>
    </Filter>
    <Filter Include="GameObject\Unit\Champion\Blitzcrank">
      <UniqueIdentifier>{7f14bba9-f62d-46eb-a6c4-05ab066650c0}</UniqueIdentifier>
    </Filter>
    <Filter Include="GameObject\Unit\Champion\Leona">
      <UniqueIdentifier>{235842bd-28a8-4b90-b5ce-f8554f23b14d}</UniqueIdentifier>
    </Filter>
    <Filter Include="GameObject\UI\Loading">
      <UniqueIdentifier>{3db0cba9-40c8-4c47-9a81-958f3581d4d7}</UniqueIdentifier>
    </Filter>
    <Filter Include="GameObject\UI\Loading">
      <UniqueIdentifier>{3db0cba9-40c8-4c47-9a81-958f3581d4d7}</UniqueIdentifier>
    </Filter>
    <Filter Include="GameObject\UI\Loading">
      <UniqueIdentifier>{3db0cba9-40c8-4c47-9a81-958f3581d4d7}</UniqueIdentifier>
    </Filter>
    <Filter Include="GameObject\Unit\Minion">
      <UniqueIdentifier>{e864066a-1ec0-4e68-b4cf-6e9e0ca6a6fa}</UniqueIdentifier>
    </Filter>
    <Filter Include="GameObject\Unit\Minion\Order">
      <UniqueIdentifier>{4cd9cd6c-c75e-4490-9d50-ad6cd223747e}</UniqueIdentifier>
    </Filter>
    <Filter Include="GameObject\Unit\Minion\Chaos">
      <UniqueIdentifier>{8ae2c58b-9c8b-41d4-a959-fdc4d6c482cf}</UniqueIdentifier>
    </Filter>
    <Filter Include="GameObject\Unit\Bush">
      <UniqueIdentifier>{6a667306-33a1-42d7-bb6a-2960e2285a60}</UniqueIdentifier>
    </Filter>
    <Filter Include="GameObject\Unit\Monster">
      <UniqueIdentifier>{b8875451-e817-42f9-ad25-e05a0f3dc4e4}</UniqueIdentifier>
    </Filter>
    <Filter Include="GameObject\UI\Indicator">
      <UniqueIdentifier>{dadaa94b-4908-473f-83c3-eed52a69677d}</UniqueIdentifier>
    </Filter>
    <Filter Include="GameObject\Unit\Monster\Jungle">
      <UniqueIdentifier>{bd927f06-e47b-40ab-a0ca-8dc182a07194}</UniqueIdentifier>
    </Filter>
    <Filter Include="GameObject\Unit\Champion\Jax">
      <UniqueIdentifier>{07d8d923-c02b-4a37-bbaa-cd4cbeded27f}</UniqueIdentifier>
    </Filter>
    <Filter Include="Component\AI">
      <UniqueIdentifier>{c39372a4-bac1-4d9d-93e8-d1dae29cd1c6}</UniqueIdentifier>
    </Filter>
    <Filter Include="Lib\Graphics">
      <UniqueIdentifier>{849679d1-438a-44e6-bbbb-6abd293da155}</UniqueIdentifier>
    </Filter>
    <Filter Include="Lib\Graphics\RenderTarget">
      <UniqueIdentifier>{91e5d5e6-22b6-42fc-8581-346aad52a264}</UniqueIdentifier>
    </Filter>
    <Filter Include="Lib\Graphics\RenderTarget\impl">
      <UniqueIdentifier>{de307bf7-5665-4fcd-be58-aeb9b32a2652}</UniqueIdentifier>
    </Filter>
    <Filter Include="Lib\Graphics\shader">
      <UniqueIdentifier>{c3d7b2d3-0f5f-4de2-a929-98e82fffb429}</UniqueIdentifier>
    </Filter>
    <Filter Include="Component\Renderer">
      <UniqueIdentifier>{321b47cc-0270-467d-8bdf-fdb312532077}</UniqueIdentifier>
    </Filter>
    <Filter Include="Component\Renderer\StaticMeshRenderer">
      <UniqueIdentifier>{f52eeb6d-e38f-486a-bb73-f6071492e2a8}</UniqueIdentifier>
    </Filter>
    <Filter Include="Component\Renderer\SkinnedMeshRenderer">
      <UniqueIdentifier>{96783364-299a-4d13-a5c5-1800f7ecb24c}</UniqueIdentifier>
    </Filter>
    <Filter Include="Component\Renderer\StaticMeshRenderer\DeferredStaticMeshRenderer">
      <UniqueIdentifier>{395a357b-102e-4725-a7be-71978d62ffbc}</UniqueIdentifier>
    </Filter>
    <Filter Include="GameObject\UI">
      <UniqueIdentifier>{ada1f413-2b4a-4d3c-aad1-eb43b9b3577e}</UniqueIdentifier>
    </Filter>
    <Filter Include="GameObject\UI\Inventory">
      <UniqueIdentifier>{3c5e9bdc-0eba-4712-912a-e5e5f9c2101e}</UniqueIdentifier>
    </Filter>
    <Filter Include="GameObject\UI\HUD">
      <UniqueIdentifier>{35af94a1-c4a2-4e77-94d6-b88348a11b1a}</UniqueIdentifier>
    </Filter>
    <Filter Include="GameObject\UI\Loading">
      <UniqueIdentifier>{3db0cba9-40c8-4c47-9a81-958f3581d4d7}</UniqueIdentifier>
    </Filter>
    <Filter Include="GameObject\UI\Indicator">
      <UniqueIdentifier>{dadaa94b-4908-473f-83c3-eed52a69677d}</UniqueIdentifier>
    </Filter>
    <Filter Include="Lib\Event">
      <UniqueIdentifier>{c9ee0999-224e-4ae3-bd18-d1d15ccbcb5f}</UniqueIdentifier>
    </Filter>
    <Filter Include="GameObject\UI\FloatingBar">
      <UniqueIdentifier>{35af94a1-c4a2-4e77-94d6-b88348a11b1a}</UniqueIdentifier>
    </Filter>
    <Filter Include="GameObject\UI\Control">
      <UniqueIdentifier>{879ef4d2-5b1b-4139-b3b1-a9996a40c5e3}</UniqueIdentifier>
    </Filter>
    <Filter Include="GameObject\UI\PlayerInfoPanel">
      <UniqueIdentifier>{f06c955d-bfac-4bb4-a2fd-2fa6e8545902}</UniqueIdentifier>
    </Filter>
    <Filter Include="GameObject\UI\ScorePanel">
      <UniqueIdentifier>{39d9018a-677f-4d90-9b40-852940ad0ab9}</UniqueIdentifier>
    </Filter>
    <Filter Include="GameObject\UI\MinimapPanel">
      <UniqueIdentifier>{596f2e3f-4214-4668-a8f2-dc8753fe218e}</UniqueIdentifier>
    </Filter>
    <Filter Include="Component\Stat">
      <UniqueIdentifier>{c8991c4d-52e5-4671-97d1-ca66063c4d49}</UniqueIdentifier>
    </Filter>
    <Filter Include="Component\Renderer\UIRenderer">
      <UniqueIdentifier>{598d0f5d-e44e-46b1-8b61-14752bb911eb}</UniqueIdentifier>
    </Filter>
    <Filter Include="Lib\Math">
      <UniqueIdentifier>{d29c1181-a81b-4323-8efb-30de559432e3}</UniqueIdentifier>
    </Filter>
    <Filter Include="GameObject\UI\ItemshopPanel">
      <UniqueIdentifier>{1e6af0ea-f596-4583-b33c-7e0a2694dc89}</UniqueIdentifier>
    </Filter>
    <Filter Include="Component\BehaviorTree">
      <UniqueIdentifier>{ace10917-297b-4250-a205-6a5325551e2a}</UniqueIdentifier>
    </Filter>
    <Filter Include="Component\Renderer\FogOfWar">
      <UniqueIdentifier>{520ad5fd-c572-4a3e-8d3d-34b08ac1d5d4}</UniqueIdentifier>
    </Filter>
    <Filter Include="Component\Renderer\UIRenderer\MiniMapRenderer">
      <UniqueIdentifier>{3ffb2e73-5f74-4a47-8a1f-c40b44b5ca32}</UniqueIdentifier>
    </Filter>
    <Filter Include="GameObject\DamageObject">
      <UniqueIdentifier>{e0ae6b56-f81d-4c5a-bef3-6b395a844c62}</UniqueIdentifier>
    </Filter>
    <Filter Include="Lib\DamageCalc">
      <UniqueIdentifier>{19317473-c790-4252-9872-91495981060a}</UniqueIdentifier>
    </Filter>
    <Filter Include="Skill">
      <UniqueIdentifier>{b7fb0d1a-4a53-4fdf-b5c7-2a8beccc9ac7}</UniqueIdentifier>
    </Filter>
    <Filter Include="Skill\Garen">
      <UniqueIdentifier>{999d1ba4-d270-4566-bb14-e2cfa910612e}</UniqueIdentifier>
    </Filter>
    <Filter Include="Component\Renderer\DistortionRenderer">
      <UniqueIdentifier>{30dfee91-4323-4b66-aa16-75a0fca2242d}</UniqueIdentifier>
    </Filter>
    <Filter Include="Buff">
      <UniqueIdentifier>{ec3753fd-8502-46b2-bcb6-6b2dc7ebc851}</UniqueIdentifier>
    </Filter>
    <Filter Include="Buff\Garen">
      <UniqueIdentifier>{cca0deb1-6a2b-48ca-9f44-1a04084d32e3}</UniqueIdentifier>
    </Filter>
    <Filter Include="Component\Renderer\ForwardRenderer">
      <UniqueIdentifier>{10662945-6726-46eb-b55a-d159ccec370b}</UniqueIdentifier>
    </Filter>
    <Filter Include="GameObject\DamageObject\Garen">
      <UniqueIdentifier>{ef31fc88-6a72-49b8-b403-3de3a9270b12}</UniqueIdentifier>
    </Filter>
    <Filter Include="Component\BehaviorTree\SubTree">
      <UniqueIdentifier>{b1443835-438b-40b3-8cc6-8b758200df92}</UniqueIdentifier>
    </Filter>
    <Filter Include="Component\BehaviorTree\SubTree\ChampTree">
      <UniqueIdentifier>{26776f19-51ac-43c0-a24b-79ade8788b4b}</UniqueIdentifier>
    </Filter>
    <Filter Include="Component\BehaviorTree\SubTree\TurretTree">
      <UniqueIdentifier>{d96c7955-addf-4c59-9148-90fd108fa710}</UniqueIdentifier>
    </Filter>
    <Filter Include="Component\BehaviorTree\SubTree\MonsterTree">
      <UniqueIdentifier>{f4ce1a81-95da-4cc3-a83f-5d45620b2237}</UniqueIdentifier>
    </Filter>
    <Filter Include="Component\BehaviorTree\SubTree\MinionTree">
      <UniqueIdentifier>{07a2b334-9d9b-4052-b9e9-18f8fbd82271}</UniqueIdentifier>
    </Filter>
    <Filter Include="Skill\Spell">
      <UniqueIdentifier>{810f4f76-16c1-4fa5-b769-2adf8110fa15}</UniqueIdentifier>
    </Filter>
    <Filter Include="Buff\Spell">
      <UniqueIdentifier>{8ead9ee8-0bec-4589-bb10-c1d2850c1ba9}</UniqueIdentifier>
    </Filter>
    <Filter Include="Skill\Common">
      <UniqueIdentifier>{bfc448cb-8900-42d7-a92e-062bfefe7da9}</UniqueIdentifier>
    </Filter>
    <Filter Include="GameObject\EffectObject">
      <UniqueIdentifier>{c9fc05b9-82f9-4a51-be27-9b02c7724a21}</UniqueIdentifier>
    </Filter>
    <Filter Include="Skill\Item">
      <UniqueIdentifier>{eb364c3a-cb45-490e-81ad-385107705089}</UniqueIdentifier>
    </Filter>
    <Filter Include="Buff\Item">
      <UniqueIdentifier>{88fb441d-3219-48f2-b122-de5da7820285}</UniqueIdentifier>
    </Filter>
    <Filter Include="GameObject\Missile">
      <UniqueIdentifier>{0262d8c7-05da-4e70-8a1e-40a9d961435a}</UniqueIdentifier>
    </Filter>
    <Filter Include="Buff\Item\Skill">
      <UniqueIdentifier>{60cc7105-d652-4883-9016-305b58fca999}</UniqueIdentifier>
    </Filter>
    <Filter Include="Skill\MissFortune">
      <UniqueIdentifier>{860a9aa0-eb0a-489f-91a1-aa26e690d35f}</UniqueIdentifier>
    </Filter>
    <Filter Include="Buff\MissFortune">
      <UniqueIdentifier>{f5c461e5-1e42-4ae8-8c9a-2d9d8f0ecbc7}</UniqueIdentifier>
    </Filter>
    <Filter Include="GameObject\DamageObject\MissFortune">
      <UniqueIdentifier>{7ab773c9-f544-47b5-b49e-808ed0dfc12a}</UniqueIdentifier>
    </Filter>
    <Filter Include="GameObject\EffectObject\BuffEffect">
      <UniqueIdentifier>{fb2ffef4-2bca-47ee-ab18-99e63fd77359}</UniqueIdentifier>
    </Filter>
    <Filter Include="Component\Aura">
      <UniqueIdentifier>{2d2fbd3d-6c94-4dd3-b740-d419fb86a19f}</UniqueIdentifier>
    </Filter>
    <Filter Include="Lib\Base">
      <UniqueIdentifier>{4ee3d303-aaab-47bb-b031-d1e09e2ca397}</UniqueIdentifier>
    </Filter>
    <Filter Include="GameObject\Unit\Minion\Spawner">
      <UniqueIdentifier>{c00324c5-e545-4cdb-ad99-aea8d75c409d}</UniqueIdentifier>
    </Filter>
    <Filter Include="GameObject\UI\Control\Tooltip">
      <UniqueIdentifier>{90bffe70-4553-4590-8914-06bda78e42cd}</UniqueIdentifier>
    </Filter>
    <Filter Include="Skill\Item\Epic">
      <UniqueIdentifier>{6df81f26-a111-4c51-82a7-f75e3320f29b}</UniqueIdentifier>
    </Filter>
    <Filter Include="Skill\Item\Start">
      <UniqueIdentifier>{fa9b1ab5-f1e3-4b42-8e63-31026c0a27b2}</UniqueIdentifier>
    </Filter>
    <Filter Include="Skill\Item\Legendary">
      <UniqueIdentifier>{5ebdc1b0-74bd-4282-bac4-f74814f2ff83}</UniqueIdentifier>
    </Filter>
    <Filter Include="Buff\Item\Skill\Epic">
      <UniqueIdentifier>{88abd1e6-0430-400f-a30e-024637e9ac50}</UniqueIdentifier>
    </Filter>
    <Filter Include="Buff\Item\Skill\Legendary">
      <UniqueIdentifier>{7c5c2a38-27fc-4d19-82a0-471f9acb57dc}</UniqueIdentifier>
    </Filter>
    <Filter Include="Buff\Item\Skill\Start">
      <UniqueIdentifier>{068ee508-2035-4d95-a997-a7e077c561c7}</UniqueIdentifier>
    </Filter>
    <Filter Include="GameObject\EffectObject\GarenEffect">
      <UniqueIdentifier>{96c9d575-26b2-410f-89ad-23696f3df228}</UniqueIdentifier>
    </Filter>
    <Filter Include="GameObject\UI\EndofgamePanel">
      <UniqueIdentifier>{32e9725b-054b-4806-ada8-1fc820280096}</UniqueIdentifier>
    </Filter>
  </ItemGroup>
  <ItemGroup>
    <ClInclude Include="CollisionManager.h">
      <Filter>Lib\Manager</Filter>
    </ClInclude>
    <ClInclude Include="FileManager.h">
      <Filter>Lib\Manager</Filter>
    </ClInclude>
    <ClInclude Include="SceneManager.h">
      <Filter>Lib\Manager</Filter>
    </ClInclude>
    <ClInclude Include="MainGame.h">
      <Filter>Lib\MainGame</Filter>
    </ClInclude>
    <ClInclude Include="TestScene.h">
      <Filter>Scene</Filter>
    </ClInclude>
    <ClInclude Include="SoundManager.h">
      <Filter>Lib\Manager</Filter>
    </ClInclude>
    <ClInclude Include="GameObject.h">
      <Filter>GameObject</Filter>
    </ClInclude>
    <ClInclude Include="Camera.h">
      <Filter>GameObject\Camera</Filter>
    </ClInclude>
    <ClInclude Include="Cursor.h">
      <Filter>GameObject\Cursor</Filter>
    </ClInclude>
    <ClInclude Include="Animation2D.h">
      <Filter>Component\Animation</Filter>
    </ClInclude>
    <ClInclude Include="UI.h">
      <Filter>GameObject\UI</Filter>
    </ClInclude>
    <ClInclude Include="SkyBox.h">
      <Filter>GameObject\SkyBox</Filter>
    </ClInclude>
    <ClInclude Include="TitleScene.h">
      <Filter>Scene</Filter>
    </ClInclude>
    <ClInclude Include="UI_Title.h">
      <Filter>GameObject\UI</Filter>
    </ClInclude>
    <ClInclude Include="Network.h">
      <Filter>Network</Filter>
    </ClInclude>
    <ClInclude Include="CPacket.h">
      <Filter>Network</Filter>
    </ClInclude>
    <ClInclude Include="CRingBuffer.h">
      <Filter>Network</Filter>
    </ClInclude>
    <ClInclude Include="Protocol.h">
      <Filter>Network</Filter>
    </ClInclude>
    <ClInclude Include="LobbyWindow.h">
      <Filter>Lib\MainGame</Filter>
    </ClInclude>
    <ClInclude Include="D3DFramework.h">
      <Filter>99. Defaults</Filter>
    </ClInclude>
    <ClInclude Include="Define.h">
      <Filter>99. Defaults</Filter>
    </ClInclude>
    <ClInclude Include="framework.h">
      <Filter>99. Defaults</Filter>
    </ClInclude>
    <ClInclude Include="Resource.h">
      <Filter>99. Defaults</Filter>
    </ClInclude>
    <ClInclude Include="stdafx.h">
      <Filter>99. Defaults</Filter>
    </ClInclude>
    <ClInclude Include="targetver.h">
      <Filter>99. Defaults</Filter>
    </ClInclude>
    <ClInclude Include="Transform.h">
      <Filter>Component\Transform</Filter>
    </ClInclude>
    <ClInclude Include="AllMeshs.h">
      <Filter>Component\Mesh</Filter>
    </ClInclude>
    <ClInclude Include="Struct.h">
      <Filter>99. Defaults</Filter>
    </ClInclude>
    <ClInclude Include="Texture.h">
      <Filter>Texture</Filter>
    </ClInclude>
    <ClInclude Include="Inventory.h">
      <Filter>GameObject\UI\Inventory</Filter>
    </ClInclude>
    <ClInclude Include="Slot.h">
      <Filter>GameObject\UI\Inventory</Filter>
    </ClInclude>
    <ClInclude Include="Light.h">
      <Filter>GameObject\Light</Filter>
    </ClInclude>
    <ClInclude Include="LightManager.h">
      <Filter>Lib\Manager</Filter>
    </ClInclude>
    <ClInclude Include="LoadManager.h">
      <Filter>Lib\Manager</Filter>
    </ClInclude>
    <ClInclude Include="RenderManager.h">
      <Filter>Lib\Manager</Filter>
    </ClInclude>
    <ClInclude Include="Environment.h">
      <Filter>GameObject\Environment</Filter>
    </ClInclude>
    <ClInclude Include="IComponent.h">
      <Filter>Component</Filter>
    </ClInclude>
    <ClInclude Include="Item.h">
      <Filter>GameObject\Item</Filter>
    </ClInclude>
    <ClInclude Include="Mesh.h">
      <Filter>Component\Mesh</Filter>
    </ClInclude>
    <ClInclude Include="Triangle.h">
      <Filter>Component\Mesh\CustomMesh</Filter>
    </ClInclude>
    <ClInclude Include="Terrain.h">
      <Filter>Component\Mesh\CustomMesh</Filter>
    </ClInclude>
    <ClInclude Include="Rectangle.h">
      <Filter>Component\Mesh\CustomMesh</Filter>
    </ClInclude>
    <ClInclude Include="Plane.h">
      <Filter>Component\Mesh\CustomMesh</Filter>
    </ClInclude>
    <ClInclude Include="CustomMesh.h">
      <Filter>Component\Mesh\CustomMesh</Filter>
    </ClInclude>
    <ClInclude Include="Cube.h">
      <Filter>Component\Mesh\CustomMesh</Filter>
    </ClInclude>
    <ClInclude Include="LoadingScene.h">
      <Filter>Scene</Filter>
    </ClInclude>
    <ClInclude Include="PlayerController.h">
      <Filter>Component\PlayerController</Filter>
    </ClInclude>
    <ClInclude Include="Layer.h">
      <Filter>Lib\Layer</Filter>
    </ClInclude>
    <ClInclude Include="Physics.h">
      <Filter>Lib\Physics</Filter>
    </ClInclude>
    <ClInclude Include="Collider.h">
      <Filter>Component\Collider</Filter>
    </ClInclude>
    <ClInclude Include="SphereCollider.h">
      <Filter>Component\Collider</Filter>
    </ClInclude>
    <ClInclude Include="BoxCollider.h">
      <Filter>Component\Collider</Filter>
    </ClInclude>
    <ClInclude Include="TestMan.h">
      <Filter>GameObject\Test</Filter>
    </ClInclude>
    <ClInclude Include="DynamicMesh.h">
      <Filter>Component\Mesh\DynamicMesh</Filter>
    </ClInclude>
    <ClInclude Include="StaticMesh.h">
      <Filter>Component\Mesh\StaticMesh</Filter>
    </ClInclude>
    <ClInclude Include="HierarchyLoader.h">
      <Filter>Component\Mesh\DynamicMesh</Filter>
    </ClInclude>
    <ClInclude Include="AnimationController.h">
      <Filter>Component\Mesh\DynamicMesh</Filter>
    </ClInclude>
    <ClInclude Include="BaseObject.h">
      <Filter>BaseObject</Filter>
    </ClInclude>
    <ClInclude Include="MeshCollider.h">
      <Filter>Component\Collider</Filter>
    </ClInclude>
    <ClInclude Include="TerrainMesh.h">
      <Filter>Component\Mesh\TerrainMesh</Filter>
    </ClInclude>
    <ClInclude Include="Optimization.h">
      <Filter>Lib\Optimization</Filter>
    </ClInclude>
    <ClInclude Include="Frustum.h">
      <Filter>Lib\Optimization\Frustum</Filter>
    </ClInclude>
    <ClInclude Include="NavMeshMap.h">
      <Filter>GameObject\Environment\NavMeshMap</Filter>
    </ClInclude>
    <ClInclude Include="TestGaren.h">
      <Filter>GameObject\Test</Filter>
    </ClInclude>
    <ClInclude Include="Unit.h">
      <Filter>GameObject\Unit</Filter>
    </ClInclude>
    <ClInclude Include="Champion.h">
      <Filter>GameObject\Unit\Champion</Filter>
    </ClInclude>
    <ClInclude Include="Building.h">
      <Filter>GameObject\Unit\Building</Filter>
    </ClInclude>
    <ClInclude Include="PathFinder.h">
      <Filter>Lib\PathFinder</Filter>
    </ClInclude>
    <ClInclude Include="Dijkstra.h">
      <Filter>Lib\PathFinder\Dijkstra</Filter>
    </ClInclude>
    <ClInclude Include="QuadTree.h">
      <Filter>Lib\Optimization\QuadTree</Filter>
    </ClInclude>
    <ClInclude Include="NavMesh.h">
      <Filter>Component\Mesh\NavMesh</Filter>
    </ClInclude>
    <ClInclude Include="Astar.h">
      <Filter>Lib\PathFinder\Astar</Filter>
    </ClInclude>
    <ClInclude Include="NavNode.h">
      <Filter>GameObject\NavNode</Filter>
    </ClInclude>
    <ClInclude Include="NavMeshAgent.h">
      <Filter>Component\NavMeshAgent</Filter>
    </ClInclude>
    <ClInclude Include="Animation.h">
      <Filter>Component\Animation</Filter>
    </ClInclude>
    <ClInclude Include="Wall.h">
      <Filter>GameObject\Environment\Wall</Filter>
    </ClInclude>
    <ClInclude Include="NavNodeManager.h">
      <Filter>Lib\Manager</Filter>
    </ClInclude>
    <ClInclude Include="Turret.h">
      <Filter>GameObject\Unit\Building\Turret</Filter>
    </ClInclude>
    <ClInclude Include="Garen.h">
      <Filter>GameObject\Unit\Champion\Garen</Filter>
    </ClInclude>
    <ClInclude Include="Leona.h">
      <Filter>GameObject\Unit\Champion\Leona</Filter>
    </ClInclude>
    <ClInclude Include="Ahri.h">
      <Filter>GameObject\Unit\Champion\Ahri</Filter>
    </ClInclude>
    <ClInclude Include="Darius.h">
      <Filter>GameObject\Unit\Champion\Darius</Filter>
    </ClInclude>
    <ClInclude Include="Leesin.h">
      <Filter>GameObject\Unit\Champion\Leesin</Filter>
    </ClInclude>
    <ClInclude Include="Blitzcrank.h">
      <Filter>GameObject\Unit\Champion\Blitzcrank</Filter>
    </ClInclude>
    <ClInclude Include="Diana.h">
      <Filter>GameObject\Unit\Champion\Diana</Filter>
    </ClInclude>
    <ClInclude Include="Jinx.h">
      <Filter>GameObject\Unit\Champion\Jinx</Filter>
    </ClInclude>
    <ClInclude Include="Missfortune.h">
      <Filter>GameObject\Unit\Champion\Missfortune</Filter>
    </ClInclude>
    <ClInclude Include="PacketPool.h">
      <Filter>Network</Filter>
    </ClInclude>
    <ClInclude Include="CircularList.h">
      <Filter>Network</Filter>
    </ClInclude>
    <ClInclude Include="TestLoadingScene.h">
      <Filter>Scene</Filter>
    </ClInclude>
    <ClInclude Include="LoadingBackGround.h">
      <Filter>GameObject\UI\Loading</Filter>
    </ClInclude>
    <ClInclude Include="UI_Spell.h">
      <Filter>GameObject\UI\Loading</Filter>
    </ClInclude>
    <ClInclude Include="LoadingPanel.h">
      <Filter>GameObject\UI\Loading</Filter>
    </ClInclude>
    <ClInclude Include="LoadingChampScreen.h">
      <Filter>GameObject\UI\Loading</Filter>
    </ClInclude>
    <ClInclude Include="LoadingChampPanel.h">
      <Filter>GameObject\UI\Loading</Filter>
    </ClInclude>
    <ClInclude Include="LoadingBorder.h">
      <Filter>GameObject\UI\Loading</Filter>
    </ClInclude>
    <ClInclude Include="Minion.h">
      <Filter>GameObject\Unit\Minion</Filter>
    </ClInclude>
    <ClInclude Include="OrderMinionSuper.h">
      <Filter>GameObject\Unit\Minion\Order</Filter>
    </ClInclude>
    <ClInclude Include="OrderMinionCaster.h">
      <Filter>GameObject\Unit\Minion\Order</Filter>
    </ClInclude>
    <ClInclude Include="OrderMinionMelee.h">
      <Filter>GameObject\Unit\Minion\Order</Filter>
    </ClInclude>
    <ClInclude Include="OrderMinionSiege.h">
      <Filter>GameObject\Unit\Minion\Order</Filter>
    </ClInclude>
    <ClInclude Include="ChaosMinionCaster.h">
      <Filter>GameObject\Unit\Minion\Chaos</Filter>
    </ClInclude>
    <ClInclude Include="ChaosMinionSiege.h">
      <Filter>GameObject\Unit\Minion\Chaos</Filter>
    </ClInclude>
    <ClInclude Include="ChaosMinionSuper.h">
      <Filter>GameObject\Unit\Minion\Chaos</Filter>
    </ClInclude>
    <ClInclude Include="ChaosMinionMelee.h">
      <Filter>GameObject\Unit\Minion\Chaos</Filter>
    </ClInclude>
    <ClInclude Include="Bush.h">
      <Filter>GameObject\Unit\Bush</Filter>
    </ClInclude>
    <ClInclude Include="Monster.h">
      <Filter>GameObject\Unit\Monster</Filter>
    </ClInclude>
    <ClInclude Include="Scuttleracer.h">
      <Filter>GameObject\Unit\Monster\Jungle</Filter>
    </ClInclude>
    <ClInclude Include="BlueMonster.h">
      <Filter>GameObject\Unit\Monster\Jungle</Filter>
    </ClInclude>
    <ClInclude Include="Gromp.h">
      <Filter>GameObject\Unit\Monster\Jungle</Filter>
    </ClInclude>
    <ClInclude Include="Krug.h">
      <Filter>GameObject\Unit\Monster\Jungle</Filter>
    </ClInclude>
    <ClInclude Include="KrugMini.h">
      <Filter>GameObject\Unit\Monster\Jungle</Filter>
    </ClInclude>
    <ClInclude Include="Murkwolf.h">
      <Filter>GameObject\Unit\Monster\Jungle</Filter>
    </ClInclude>
    <ClInclude Include="MurkwolfMini.h">
      <Filter>GameObject\Unit\Monster\Jungle</Filter>
    </ClInclude>
    <ClInclude Include="Razorbeak.h">
      <Filter>GameObject\Unit\Monster\Jungle</Filter>
    </ClInclude>
    <ClInclude Include="RazorbeakMini.h">
      <Filter>GameObject\Unit\Monster\Jungle</Filter>
    </ClInclude>
    <ClInclude Include="RedMonster.h">
      <Filter>GameObject\Unit\Monster\Jungle</Filter>
    </ClInclude>
    <ClInclude Include="FloatingBar.h">
      <Filter>GameObject\UI\FloatingBar</Filter>
    </ClInclude>
    <ClInclude Include="FloatingHPBar.h">
      <Filter>GameObject\UI\FloatingBar</Filter>
    </ClInclude>
    <ClInclude Include="Jax.h">
      <Filter>GameObject\Unit\Champion\Jax</Filter>
    </ClInclude>
    <ClInclude Include="GameScene.h">
      <Filter>Scene</Filter>
    </ClInclude>
    <ClInclude Include="RenderTarget.h">
      <Filter>Lib\Graphics\RenderTarget</Filter>
    </ClInclude>
    <ClInclude Include="RenderTargetImpl.h">
      <Filter>Lib\Graphics\RenderTarget\impl</Filter>
    </ClInclude>
    <ClInclude Include="Nexus.h">
      <Filter>GameObject\Unit\Building\Nexus</Filter>
    </ClInclude>
    <ClInclude Include="TurretMissile.h">
      <Filter>GameObject\Unit\Building\Turret</Filter>
    </ClInclude>
    <ClInclude Include="TurretBreak.h">
      <Filter>GameObject\Unit\Building\Turret</Filter>
    </ClInclude>
    <ClInclude Include="TurretFloatingBar.h">
      <Filter>GameObject\Unit\Building\Turret</Filter>
    </ClInclude>
    <ClInclude Include="MinionAI.h">
      <Filter>Component\AI</Filter>
    </ClInclude>
    <ClInclude Include="MonsterAI.h">
      <Filter>Component\AI</Filter>
    </ClInclude>
    <ClInclude Include="Indicator.h">
      <Filter>GameObject\UI\Indicator</Filter>
    </ClInclude>
    <ClInclude Include="MinionFloatingBar.h">
      <Filter>GameObject\UI\FloatingBar</Filter>
    </ClInclude>
    <ClInclude Include="NetPlayerController.h">
      <Filter>Component\PlayerController</Filter>
    </ClInclude>
    <ClInclude Include="RenderSystem.h">
      <Filter>Component\Renderer</Filter>
    </ClInclude>
    <ClInclude Include="Renderer.h">
      <Filter>Component\Renderer</Filter>
    </ClInclude>
    <ClInclude Include="DeferredStaticMeshRenderer.h">
      <Filter>Component\Renderer\StaticMeshRenderer\DeferredStaticMeshRenderer</Filter>
    </ClInclude>
    <ClInclude Include="Stat.h">
      <Filter>Component\Stat</Filter>
    </ClInclude>
    <ClInclude Include="LabelRenderer.h">
      <Filter>Component\Renderer\UIRenderer</Filter>
    </ClInclude>
    <ClInclude Include="Event.h">
      <Filter>Lib\Event</Filter>
    </ClInclude>
    <ClInclude Include="Bar.h">
      <Filter>GameObject\UI</Filter>
    </ClInclude>
    <ClInclude Include="Event.h" />
    <ClInclude Include="LabelRenderer.h" />
    <ClInclude Include="Panel.h">
      <Filter>GameObject\UI\Control</Filter>
    </ClInclude>
    <ClInclude Include="Button.h">
      <Filter>GameObject\UI\Control</Filter>
    </ClInclude>
    <ClInclude Include="Label.h">
      <Filter>GameObject\UI\Control</Filter>
    </ClInclude>
    <ClInclude Include="PlayerInfoPanel.h">
      <Filter>GameObject\UI\PlayerInfoPanel</Filter>
    </ClInclude>
    <ClInclude Include="MinimapPanel.h">
      <Filter>GameObject\UI\MinimapPanel</Filter>
    </ClInclude>
    <ClInclude Include="UIManager.h">
      <Filter>GameObject\UI</Filter>
    </ClInclude>
    <ClInclude Include="UIRenderer.h">
      <Filter>Component\Renderer\UIRenderer</Filter>
    </ClInclude>
    <ClInclude Include="Event.h" />
    <ClInclude Include="LabelRenderer.h" />
    <ClInclude Include="SkinnedMeshRenderer.h">
      <Filter>Component\Renderer\SkinnedMeshRenderer</Filter>
    </ClInclude>
    <ClInclude Include="Math.h">
      <Filter>Lib\Math</Filter>
    </ClInclude>
    <ClInclude Include="AllMonster.h">
      <Filter>GameObject\Unit\Monster</Filter>
    </ClInclude>
    <ClInclude Include="AllChampion.h">
      <Filter>GameObject\Unit\Champion</Filter>
    </ClInclude>
    <ClInclude Include="AllMinion.h">
      <Filter>GameObject\Unit\Minion</Filter>
    </ClInclude>
    <ClInclude Include="MiniScorePanel.h">
      <Filter>GameObject\UI\ScorePanel</Filter>
    </ClInclude>
    <ClInclude Include="ItemshopPanel.h">
      <Filter>GameObject\UI\ItemshopPanel</Filter>
    </ClInclude>
    <ClInclude Include="OutlinedSlot.h">
      <Filter>GameObject\UI\Control</Filter>
    </ClInclude>
    <ClInclude Include="BehaviorTree.h">
      <Filter>Component\BehaviorTree</Filter>
    </ClInclude>
    <ClInclude Include="DamageObject.h">
      <Filter>GameObject\DamageObject</Filter>
    </ClInclude>
    <ClInclude Include="DamageCalc.h">
      <Filter>Lib\DamageCalc</Filter>
    </ClInclude>
    <ClInclude Include="DamageCalc_Basic.h">
      <Filter>Lib\DamageCalc</Filter>
    </ClInclude>
    <ClInclude Include="DamageCalc_LostHpPercent.h">
      <Filter>Lib\DamageCalc</Filter>
    </ClInclude>
    <ClInclude Include="DamageCalc_CurrentHpPercent.h">
      <Filter>Lib\DamageCalc</Filter>
    </ClInclude>
    <ClInclude Include="DamageCalc_MaxHpPercent.h">
      <Filter>Lib\DamageCalc</Filter>
    </ClInclude>
    <ClInclude Include="FogOfWarRenderer.h">
      <Filter>Component\Renderer\FogOfWar</Filter>
    </ClInclude>
    <ClInclude Include="FogOfWarRenderSystem.h">
      <Filter>Component\Renderer\FogOfWar</Filter>
    </ClInclude>
    <ClInclude Include="FogOfWarObstacleRenderer.h">
      <Filter>Component\Renderer\FogOfWar</Filter>
    </ClInclude>
    <ClInclude Include="Time.h">
      <Filter>Lib\Manager</Filter>
    </ClInclude>
    <ClInclude Include="Scene.h">
      <Filter>Scene</Filter>
    </ClInclude>
    <ClInclude Include="Input.h">
      <Filter>Lib\Manager</Filter>
    </ClInclude>
    <ClInclude Include="Skill.h">
      <Filter>Skill</Filter>
    </ClInclude>
    <ClInclude Include="MiniMapRenderer.h">
      <Filter>Component\Renderer\UIRenderer\MiniMapRenderer</Filter>
    </ClInclude>
    <ClInclude Include="DistortionRenderer.h">
      <Filter>Component\Renderer\DistortionRenderer</Filter>
    </ClInclude>
    <ClInclude Include="Buff.h">
      <Filter>Buff</Filter>
    </ClInclude>
    <ClInclude Include="ScorePanel.h">
      <Filter>GameObject\UI\ScorePanel</Filter>
    </ClInclude>
    <ClInclude Include="Buff_GarenQHaste.h">
      <Filter>Buff\Garen</Filter>
    </ClInclude>
    <ClInclude Include="Buff_GarenQAttack.h">
      <Filter>Buff\Garen</Filter>
    </ClInclude>
    <ClInclude Include="Skill_Garen_Q.h">
      <Filter>Skill\Garen</Filter>
    </ClInclude>
    <ClInclude Include="Buff_GarenQHaste.h">
      <Filter>Buff\Garen</Filter>
    </ClInclude>
    <ClInclude Include="Buff_GarenQAttack.h">
      <Filter>Buff\Garen</Filter>
    </ClInclude>
    <ClInclude Include="Buff_OnHit.h">
      <Filter>Buff</Filter>
    </ClInclude>
    <ClInclude Include="DamageCalc_OnHit.h">
      <Filter>Lib\DamageCalc</Filter>
    </ClInclude>
    <ClInclude Include="Buff_GarenWReduction.h">
      <Filter>Buff\Garen</Filter>
    </ClInclude>
    <ClInclude Include="Skill_Garen_W.h">
      <Filter>Skill\Garen</Filter>
    </ClInclude>
    <ClInclude Include="Buff_GarenWShield.h">
      <Filter>Buff\Garen</Filter>
    </ClInclude>
    <ClInclude Include="ForwardRenderer.h">
      <Filter>Component\Renderer\ForwardRenderer</Filter>
    </ClInclude>
    <ClInclude Include="Skill_Garen_E.h">
      <Filter>Skill\Garen</Filter>
    </ClInclude>
    <ClInclude Include="DamageObject_Garen_E.h">
      <Filter>GameObject\DamageObject\Garen</Filter>
    </ClInclude>
    <ClInclude Include="Buff_GarenEDamage.h">
      <Filter>Buff\Garen</Filter>
    </ClInclude>
    <ClInclude Include="Skill_Garen_R.h">
      <Filter>Skill\Garen</Filter>
    </ClInclude>
    <ClInclude Include="Buff_GarenEArmorDec.h">
      <Filter>Buff\Garen</Filter>
    </ClInclude>
    <ClInclude Include="Skill_Garen_P.h">
      <Filter>Skill\Garen</Filter>
    </ClInclude>
    <ClInclude Include="Buff_GarenPHealthRegen.h">
      <Filter>Buff\Garen</Filter>
    </ClInclude>
    <ClInclude Include="ChampionSubTree.h">
      <Filter>Component\BehaviorTree\SubTree\ChampTree</Filter>
    </ClInclude>
    <ClInclude Include="MonsterSubTree.h">
      <Filter>Component\BehaviorTree\SubTree\MonsterTree</Filter>
    </ClInclude>
    <ClInclude Include="MinionSubTree.h">
      <Filter>Component\BehaviorTree\SubTree\MinionTree</Filter>
    </ClInclude>
    <ClInclude Include="TurretSubTree.h">
      <Filter>Component\BehaviorTree\SubTree\TurretTree</Filter>
    </ClInclude>
    <ClInclude Include="Buff_GarenWPassive.h">
      <Filter>Buff\Garen</Filter>
    </ClInclude>
    <ClInclude Include="DamageCalc_Critical.h">
      <Filter>Lib\DamageCalc</Filter>
    </ClInclude>
    <ClInclude Include="Skill_Ghost.h">
      <Filter>Skill\Spell</Filter>
    </ClInclude>
    <ClInclude Include="Buff_Ghost.h">
      <Filter>Buff\Spell</Filter>
    </ClInclude>
    <ClInclude Include="Skill_Attack.h">
      <Filter>Skill\Common</Filter>
    </ClInclude>
    <ClInclude Include="ItemManager.h">
      <Filter>GameObject\Item</Filter>
    </ClInclude>
    <ClInclude Include="Skill_Heal.h">
      <Filter>Skill\Spell</Filter>
    </ClInclude>
    <ClInclude Include="Buff_HealMoveSpeed.h">
      <Filter>Buff\Spell</Filter>
    </ClInclude>
    <ClInclude Include="ItemshopSlot.h">
      <Filter>GameObject\UI\ItemshopPanel</Filter>
    </ClInclude>
    <ClInclude Include="ItemshopTreePanel.h">
      <Filter>GameObject\UI\ItemshopPanel</Filter>
    </ClInclude>
    <ClInclude Include="TargetingSkill.h">
      <Filter>Skill\Common</Filter>
    </ClInclude>
    <ClInclude Include="EffectObject.h">
      <Filter>GameObject\EffectObject</Filter>
    </ClInclude>
    <ClInclude Include="TestScene2.h">
      <Filter>Scene</Filter>
    </ClInclude>
    <ClInclude Include="Skill_RangeAttack.h">
      <Filter>Skill\Common</Filter>
    </ClInclude>
    <ClInclude Include="Missile.h">
      <Filter>GameObject\Missile</Filter>
    </ClInclude>
    <ClInclude Include="EffectObject.h">
      <Filter>GameObject\EffectObject</Filter>
    </ClInclude>
    <ClInclude Include="Skill_MissFortune_W.h">
      <Filter>Skill\MissFortune</Filter>
    </ClInclude>
    <ClInclude Include="Buff_MissFortuneWAttackSpeed.h">
      <Filter>Buff\MissFortune</Filter>
    </ClInclude>
    <ClInclude Include="Buff_MissFortuneWMoveSpeed.h">
      <Filter>Buff\MissFortune</Filter>
    </ClInclude>
    <ClInclude Include="Skill_MissFortune_E.h">
      <Filter>Skill\MissFortune</Filter>
    </ClInclude>
    <ClInclude Include="DamageObject_MissFortune_E.h">
      <Filter>GameObject\DamageObject\MissFortune</Filter>
    </ClInclude>
    <ClInclude Include="Buff_MissFortuneESlow.h">
      <Filter>Buff\MissFortune</Filter>
    </ClInclude>
    <ClInclude Include="Skill_MissFortune_P.h">
      <Filter>Skill\MissFortune</Filter>
    </ClInclude>
    <ClInclude Include="TextBox.h">
      <Filter>GameObject\UI\Control</Filter>
    </ClInclude>
    <ClInclude Include="Effect_Red_Buff.h">
      <Filter>GameObject\EffectObject\BuffEffect</Filter>
    </ClInclude>
    <ClInclude Include="Effect_Blue_Buff.h">
      <Filter>GameObject\EffectObject\BuffEffect</Filter>
    </ClInclude>
    <ClInclude Include="Effect_Baron_Buff.h">
      <Filter>GameObject\EffectObject\BuffEffect</Filter>
    </ClInclude>
    <ClInclude Include="Aura.h">
      <Filter>Component\Aura</Filter>
    </ClInclude>
    <ClInclude Include="Vertex.h">
      <Filter>Lib\Base</Filter>
    </ClInclude>
    <ClInclude Include="Color.h">
      <Filter>Lib\Base</Filter>
    </ClInclude>
    <ClInclude Include="Debug.h">
      <Filter>Lib\Base</Filter>
    </ClInclude>
    <ClInclude Include="Functions.h">
      <Filter>Lib\Base</Filter>
    </ClInclude>
    <ClInclude Include="Matrix.h">
      <Filter>Lib\Base</Filter>
    </ClInclude>
    <ClInclude Include="MemoryPool.h">
      <Filter>Lib\Base</Filter>
    </ClInclude>
    <ClInclude Include="Point.h">
      <Filter>Lib\Base</Filter>
    </ClInclude>
    <ClInclude Include="Quaternion.h">
      <Filter>Lib\Base</Filter>
    </ClInclude>
    <ClInclude Include="Random.h">
      <Filter>Lib\Base</Filter>
    </ClInclude>
    <ClInclude Include="TextParser.h">
      <Filter>Lib\Base</Filter>
    </ClInclude>
    <ClInclude Include="Vector2.h">
      <Filter>Lib\Base</Filter>
    </ClInclude>
    <ClInclude Include="Vector3.h">
      <Filter>Lib\Base</Filter>
    </ClInclude>
    <ClInclude Include="MinionSpawner.h" />
    <ClInclude Include="Inhibitor.h" />
    <ClInclude Include="Form.h">
      <Filter>GameObject\UI\Control</Filter>
    </ClInclude>
    <ClInclude Include="Tooltip.h">
      <Filter>GameObject\UI\Control\Tooltip</Filter>
    </ClInclude>
    <ClInclude Include="Buff_ItemStat.h">
      <Filter>Buff\Item</Filter>
    </ClInclude>
    <ClInclude Include="Skill_Item_Cleave.h">
      <Filter>Skill\Item\Epic</Filter>
    </ClInclude>
    <ClInclude Include="Skill_Item_Crescent.h">
      <Filter>Skill\Item\Epic</Filter>
    </ClInclude>
    <ClInclude Include="Skill_Item_Nimble.h">
      <Filter>Skill\Item\Epic</Filter>
    </ClInclude>
    <ClInclude Include="Skill_Item_SpellBlade.h">
      <Filter>Skill\Item\Epic</Filter>
    </ClInclude>
    <ClInclude Include="Skill_Item_Thorns.h">
      <Filter>Skill\Item\Epic</Filter>
    </ClInclude>
    <ClInclude Include="Skill_Item_WitchsFocus.h">
      <Filter>Skill\Item\Epic</Filter>
    </ClInclude>
    <ClInclude Include="Skill_Item_SteelTipped.h">
      <Filter>Skill\Item\Epic</Filter>
    </ClInclude>
    <ClInclude Include="Skill_Item_Precision.h">
      <Filter>Skill\Item\Epic</Filter>
    </ClInclude>
    <ClInclude Include="Skill_Item_ManaCharge.h">
      <Filter>Skill\Item\Start</Filter>
    </ClInclude>
    <ClInclude Include="Skill_Item_WraithStep.h">
      <Filter>Skill\Item\Legendary</Filter>
    </ClInclude>
    <ClInclude Include="Skill_Item_Dreadnought.h">
      <Filter>Skill\Item\Legendary</Filter>
    </ClInclude>
    <ClInclude Include="Buff_Item_Nimble.h">
      <Filter>Buff\Item\Skill\Epic</Filter>
    </ClInclude>
    <ClInclude Include="Buff_Item_SpellBlade.h">
      <Filter>Buff\Item\Skill\Epic</Filter>
    </ClInclude>
    <ClInclude Include="Buff_Item_SteelTipped.h">
      <Filter>Buff\Item\Skill\Epic</Filter>
    </ClInclude>
    <ClInclude Include="Buff_Item_WitchsFocus.h">
      <Filter>Buff\Item\Skill\Epic</Filter>
    </ClInclude>
    <ClInclude Include="Buff_Item_WraithStep_P.h">
      <Filter>Buff\Item\Skill\Legendary</Filter>
    </ClInclude>
    <ClInclude Include="Buff_Item_WraithStep.h">
      <Filter>Buff\Item\Skill\Legendary</Filter>
    </ClInclude>
    <ClInclude Include="Buff_Item_Dreadnought.h">
      <Filter>Buff\Item\Skill\Legendary</Filter>
    </ClInclude>
    <ClInclude Include="Buff_Item_ManaCharge.h">
      <Filter>Buff\Item\Skill\Start</Filter>
    </ClInclude>
    <ClInclude Include="Effect_Garen_E.h">
      <Filter>GameObject\EffectObject\GarenEffect</Filter>
    </ClInclude>
    <ClInclude Include="Effect_Garen_R.h" />
    <ClInclude Include="Skill_Item_Immolate.h">
      <Filter>Skill\Item\Epic</Filter>
    </ClInclude>
    <ClInclude Include="Skill_Item_HealthPotion.h" />
    <ClInclude Include="Buff_Item_HealthPotion.h" />
    <ClInclude Include="EndofgamePanel.h">
      <Filter>GameObject\UI\EndofgamePanel</Filter>
    </ClInclude>
    <ClInclude Include="ChampionAI.h" />
    <ClInclude Include="Effect_Garen_W.h">
      <Filter>GameObject\EffectObject\GarenEffect</Filter>
    </ClInclude>
    <ClInclude Include="Effect_Garen_W_Shield.h">
      <Filter>GameObject\EffectObject\GarenEffect</Filter>
    </ClInclude>
    <ClInclude Include="ChampionAI.h" />
    <ClInclude Include="ScuttleracerAI.h">
      <Filter>Component\AI</Filter>
    </ClInclude>
    <ClInclude Include="Effect_Garen_R_SwordMove.h">
      <Filter>GameObject\EffectObject\GarenEffect</Filter>
    </ClInclude>
    <ClInclude Include="Effect_Garen_R_SwordFixed.h">
      <Filter>GameObject\EffectObject\GarenEffect</Filter>
    </ClInclude>
    <ClInclude Include="Effect_Garen_R_GroundDecal.h">
      <Filter>GameObject\EffectObject\GarenEffect</Filter>
    </ClInclude>
    <ClInclude Include="Effect_Garen_R_GroundImpact.h">
      <Filter>GameObject\EffectObject\GarenEffect</Filter>
    </ClInclude>
    <ClInclude Include="Effect_Garen_R_Dome.h">
      <Filter>GameObject\EffectObject\GarenEffect</Filter>
    </ClInclude>
    <ClInclude Include="Effect_Garen_Q_Impact.h">
      <Filter>GameObject\EffectObject\GarenEffect</Filter>
    </ClInclude>
    <ClInclude Include="Effect_Garen_Q_Start.h">
      <Filter>GameObject\EffectObject\GarenEffect</Filter>
    </ClInclude>
  </ItemGroup>
  <ItemGroup>
    <ClCompile Include="CollisionManager.cpp">
      <Filter>Lib\Manager</Filter>
    </ClCompile>
    <ClCompile Include="FileManager.cpp">
      <Filter>Lib\Manager</Filter>
    </ClCompile>
    <ClCompile Include="SceneManager.cpp">
      <Filter>Lib\Manager</Filter>
    </ClCompile>
    <ClCompile Include="Texture.cpp">
      <Filter>Texture</Filter>
    </ClCompile>
    <ClCompile Include="MainGame.cpp">
      <Filter>Lib\MainGame</Filter>
    </ClCompile>
    <ClCompile Include="TestScene.cpp">
      <Filter>Scene</Filter>
    </ClCompile>
    <ClCompile Include="SoundManager.cpp">
      <Filter>Lib\Manager</Filter>
    </ClCompile>
    <ClCompile Include="GameObject.cpp">
      <Filter>GameObject</Filter>
    </ClCompile>
    <ClCompile Include="Camera.cpp">
      <Filter>GameObject\Camera</Filter>
    </ClCompile>
    <ClCompile Include="Cursor.cpp">
      <Filter>GameObject\Cursor</Filter>
    </ClCompile>
    <ClCompile Include="Animation2D.cpp">
      <Filter>Component\Animation</Filter>
    </ClCompile>
    <ClCompile Include="UI.cpp">
      <Filter>GameObject\UI</Filter>
    </ClCompile>
    <ClCompile Include="SkyBox.cpp">
      <Filter>GameObject\SkyBox</Filter>
    </ClCompile>
    <ClCompile Include="TitleScene.cpp">
      <Filter>Scene</Filter>
    </ClCompile>
    <ClCompile Include="UI_Title.cpp">
      <Filter>GameObject\UI</Filter>
    </ClCompile>
    <ClCompile Include="Network.cpp">
      <Filter>Network</Filter>
    </ClCompile>
    <ClCompile Include="CPacket.cpp">
      <Filter>Network</Filter>
    </ClCompile>
    <ClCompile Include="CRingBuffer.cpp">
      <Filter>Network</Filter>
    </ClCompile>
    <ClCompile Include="GameObject.cpp">
      <Filter>GameObject</Filter>
    </ClCompile>
    <ClCompile Include="Matrix.cpp">
      <Filter>Lib</Filter>
    </ClCompile>
    <ClCompile Include="Vertex.cpp">
      <Filter>Lib</Filter>
    </ClCompile>
    <ClCompile Include="Vector3.cpp">
      <Filter>Lib</Filter>
    </ClCompile>
    <ClCompile Include="Texture.cpp">
      <Filter>Lib</Filter>
    </ClCompile>
    <ClCompile Include="Color.cpp">
      <Filter>Lib</Filter>
    </ClCompile>
    <ClCompile Include="Camera.cpp">
      <Filter>GameObject\Camera</Filter>
    </ClCompile>
    <ClCompile Include="IComponent.cpp">
      <Filter>Component</Filter>
    </ClCompile>
    <ClCompile Include="Animation2D.cpp">
      <Filter>Component\Animation</Filter>
    </ClCompile>
    <ClCompile Include="FileManager.cpp">
      <Filter>Lib\Manager</Filter>
    </ClCompile>
    <ClCompile Include="SoundManager.cpp">
      <Filter>Lib\Manager</Filter>
    </ClCompile>
    <ClCompile Include="SceneManager.cpp">
      <Filter>Lib\Manager</Filter>
    </ClCompile>
    <ClCompile Include="CollisionManager.cpp">
      <Filter>Lib\Manager</Filter>
    </ClCompile>
    <ClCompile Include="CPacket.cpp">
      <Filter>Network</Filter>
    </ClCompile>
    <ClCompile Include="CRingBuffer.cpp">
      <Filter>Network</Filter>
    </ClCompile>
    <ClCompile Include="Network.cpp">
      <Filter>Network</Filter>
    </ClCompile>
    <ClCompile Include="Quaternion.cpp">
      <Filter>Lib</Filter>
    </ClCompile>
    <ClCompile Include="Random.cpp">
      <Filter>Lib</Filter>
    </ClCompile>
    <ClCompile Include="Cursor.cpp">
      <Filter>GameObject\Cursor</Filter>
    </ClCompile>
    <ClCompile Include="TitleScene.cpp">
      <Filter>Scene</Filter>
    </ClCompile>
    <ClCompile Include="TestScene.cpp">
      <Filter>Scene</Filter>
    </ClCompile>
    <ClCompile Include="MainGame.cpp">
      <Filter>Lib\MainGame</Filter>
    </ClCompile>
    <ClCompile Include="LobbyWindow.cpp">
      <Filter>Lib\MainGame</Filter>
    </ClCompile>
    <ClCompile Include="SkyBox.cpp">
      <Filter>GameObject\SkyBox</Filter>
    </ClCompile>
    <ClCompile Include="UI.cpp">
      <Filter>GameObject\UI</Filter>
    </ClCompile>
    <ClCompile Include="UI_Title.cpp">
      <Filter>GameObject\UI</Filter>
    </ClCompile>
    <ClCompile Include="D3DFramework.cpp">
      <Filter>99. Defaults</Filter>
    </ClCompile>
    <ClCompile Include="stdafx.cpp">
      <Filter>99. Defaults</Filter>
    </ClCompile>
    <ClCompile Include="D3DFramework.cpp" />
    <ClCompile Include="stdafx.cpp" />
    <ClCompile Include="Transform.cpp">
      <Filter>Component\Transform</Filter>
    </ClCompile>
    <ClCompile Include="Transform.cpp">
      <Filter>Component\Transform</Filter>
    </ClCompile>
    <ClCompile Include="Inventory.cpp">
      <Filter>GameObject\UI\Inventory</Filter>
    </ClCompile>
    <ClCompile Include="Slot.cpp">
      <Filter>GameObject\UI\Inventory</Filter>
    </ClCompile>
    <ClCompile Include="Light.cpp">
      <Filter>GameObject\Light</Filter>
    </ClCompile>
    <ClCompile Include="LightManager.cpp">
      <Filter>Lib\Manager</Filter>
    </ClCompile>
    <ClCompile Include="LoadManager.cpp">
      <Filter>Lib\Manager</Filter>
    </ClCompile>
    <ClCompile Include="RenderManager.cpp">
      <Filter>Lib\Manager</Filter>
    </ClCompile>
    <ClCompile Include="Environment.cpp">
      <Filter>GameObject\Environment</Filter>
    </ClCompile>
    <ClCompile Include="IComponent.cpp">
      <Filter>Component</Filter>
    </ClCompile>
    <ClCompile Include="Item.cpp">
      <Filter>GameObject\Item</Filter>
    </ClCompile>
    <ClCompile Include="Mesh.cpp">
      <Filter>Component\Mesh</Filter>
    </ClCompile>
    <ClCompile Include="Terrain.cpp">
      <Filter>Component\Mesh\CustomMesh</Filter>
    </ClCompile>
    <ClCompile Include="Triangle.cpp">
      <Filter>Component\Mesh\CustomMesh</Filter>
    </ClCompile>
    <ClCompile Include="Plane.cpp">
      <Filter>Component\Mesh\CustomMesh</Filter>
    </ClCompile>
    <ClCompile Include="Rectangle.cpp">
      <Filter>Component\Mesh\CustomMesh</Filter>
    </ClCompile>
    <ClCompile Include="Cube.cpp">
      <Filter>Component\Mesh\CustomMesh</Filter>
    </ClCompile>
    <ClCompile Include="CustomMesh.cpp">
      <Filter>Component\Mesh\CustomMesh</Filter>
    </ClCompile>
    <ClCompile Include="LoadingScene.cpp">
      <Filter>Scene</Filter>
    </ClCompile>
    <ClCompile Include="PlayerController.cpp">
      <Filter>Component\PlayerController</Filter>
    </ClCompile>
    <ClCompile Include="Layer.cpp">
      <Filter>Lib\Layer</Filter>
    </ClCompile>
    <ClCompile Include="Physics.cpp">
      <Filter>Lib\Physics</Filter>
    </ClCompile>
    <ClCompile Include="Collider.cpp">
      <Filter>Component\Collider</Filter>
    </ClCompile>
    <ClCompile Include="Plane.cpp">
      <Filter>Component\Mesh\CustomMesh</Filter>
    </ClCompile>
    <ClCompile Include="Rectangle.cpp">
      <Filter>Component\Mesh\CustomMesh</Filter>
    </ClCompile>
    <ClCompile Include="Terrain.cpp">
      <Filter>Component\Mesh\CustomMesh</Filter>
    </ClCompile>
    <ClCompile Include="Triangle.cpp">
      <Filter>Component\Mesh\CustomMesh</Filter>
    </ClCompile>
    <ClCompile Include="Cube.cpp">
      <Filter>Component\Mesh\CustomMesh</Filter>
    </ClCompile>
    <ClCompile Include="SphereCollider.cpp">
      <Filter>Component\Collider</Filter>
    </ClCompile>
    <ClCompile Include="BoxCollider.cpp">
      <Filter>Component\Collider</Filter>
    </ClCompile>
    <ClCompile Include="TestMan.cpp">
      <Filter>GameObject\Test</Filter>
    </ClCompile>
    <ClCompile Include="DynamicMesh.cpp">
      <Filter>Component\Mesh\DynamicMesh</Filter>
    </ClCompile>
    <ClCompile Include="StaticMesh.cpp">
      <Filter>Component\Mesh\StaticMesh</Filter>
    </ClCompile>
    <ClCompile Include="HierarchyLoader.cpp">
      <Filter>Component\Mesh\DynamicMesh</Filter>
    </ClCompile>
    <ClCompile Include="AnimationController.cpp">
      <Filter>Component\Mesh\DynamicMesh</Filter>
    </ClCompile>
    <ClCompile Include="MeshCollider.cpp">
      <Filter>Component\Collider</Filter>
    </ClCompile>
    <ClCompile Include="TerrainMesh.cpp">
      <Filter>Component\Mesh\TerrainMesh</Filter>
    </ClCompile>
    <ClCompile Include="Optimization.cpp">
      <Filter>Lib\Optimization</Filter>
    </ClCompile>
    <ClCompile Include="Frustum.cpp">
      <Filter>Lib\Optimization\Frustum</Filter>
    </ClCompile>
    <ClCompile Include="NavMeshMap.cpp">
      <Filter>GameObject\Environment\NavMeshMap</Filter>
    </ClCompile>
    <ClCompile Include="TestGaren.cpp">
      <Filter>GameObject\Test</Filter>
    </ClCompile>
    <ClCompile Include="Unit.cpp">
      <Filter>GameObject\Unit</Filter>
    </ClCompile>
    <ClCompile Include="Champion.cpp">
      <Filter>GameObject\Unit\Champion</Filter>
    </ClCompile>
    <ClCompile Include="Building.cpp">
      <Filter>GameObject\Unit\Building</Filter>
    </ClCompile>
    <ClCompile Include="PathFinder.cpp">
      <Filter>Lib\PathFinder</Filter>
    </ClCompile>
    <ClCompile Include="Dijkstra.cpp">
      <Filter>Lib\PathFinder\Dijkstra</Filter>
    </ClCompile>
    <ClCompile Include="QuadTree.cpp">
      <Filter>Lib\Optimization\QuadTree</Filter>
    </ClCompile>
    <ClCompile Include="NavMesh.cpp">
      <Filter>Component\Mesh\NavMesh</Filter>
    </ClCompile>
    <ClCompile Include="Astar.cpp">
      <Filter>Lib\PathFinder\Astar</Filter>
    </ClCompile>
    <ClCompile Include="NavNode.cpp">
      <Filter>GameObject\NavNode</Filter>
    </ClCompile>
    <ClCompile Include="NavMeshAgent.cpp">
      <Filter>Component\NavMeshAgent</Filter>
    </ClCompile>
    <ClCompile Include="Animation.cpp">
      <Filter>Component\Animation</Filter>
    </ClCompile>
    <ClCompile Include="Wall.cpp">
      <Filter>GameObject\Environment\Wall</Filter>
    </ClCompile>
    <ClCompile Include="NavNodeManager.cpp">
      <Filter>Lib\Manager</Filter>
    </ClCompile>
    <ClCompile Include="Turret.cpp">
      <Filter>GameObject\Unit\Building\Turret</Filter>
    </ClCompile>
    <ClCompile Include="Garen.cpp">
      <Filter>GameObject\Unit\Champion\Garen</Filter>
    </ClCompile>
    <ClCompile Include="Leona.cpp">
      <Filter>GameObject\Unit\Champion\Leona</Filter>
    </ClCompile>
    <ClCompile Include="Ahri.cpp">
      <Filter>GameObject\Unit\Champion\Ahri</Filter>
    </ClCompile>
    <ClCompile Include="Darius.cpp">
      <Filter>GameObject\Unit\Champion\Darius</Filter>
    </ClCompile>
    <ClCompile Include="Leesin.cpp">
      <Filter>GameObject\Unit\Champion\Leesin</Filter>
    </ClCompile>
    <ClCompile Include="Blitzcrank.cpp">
      <Filter>GameObject\Unit\Champion\Blitzcrank</Filter>
    </ClCompile>
    <ClCompile Include="Diana.cpp">
      <Filter>GameObject\Unit\Champion\Diana</Filter>
    </ClCompile>
    <ClCompile Include="Jinx.cpp">
      <Filter>GameObject\Unit\Champion\Jinx</Filter>
    </ClCompile>
    <ClCompile Include="Missfortune.cpp">
      <Filter>GameObject\Unit\Champion\Missfortune</Filter>
    </ClCompile>
    <ClCompile Include="PacketPool.cpp">
      <Filter>Network</Filter>
    </ClCompile>
    <ClCompile Include="TestLoadingScene.cpp">
      <Filter>Scene</Filter>
    </ClCompile>
    <ClCompile Include="LoadingBackGround.cpp">
      <Filter>GameObject\UI\Loading</Filter>
    </ClCompile>
    <ClCompile Include="UI_Spell.cpp">
      <Filter>GameObject\UI\Loading</Filter>
    </ClCompile>
    <ClCompile Include="LoadingPanel.cpp">
      <Filter>GameObject\UI\Loading</Filter>
    </ClCompile>
    <ClCompile Include="LoadingChampScreen.cpp">
      <Filter>GameObject\UI\Loading</Filter>
    </ClCompile>
    <ClCompile Include="LoadingChampPanel.cpp">
      <Filter>GameObject\UI\Loading</Filter>
    </ClCompile>
    <ClCompile Include="LoadingBorder.cpp">
      <Filter>GameObject\UI\Loading</Filter>
    </ClCompile>
    <ClCompile Include="Minion.cpp">
      <Filter>GameObject\Unit\Minion</Filter>
    </ClCompile>
    <ClCompile Include="OrderMinionMelee.cpp">
      <Filter>GameObject\Unit\Minion\Order</Filter>
    </ClCompile>
    <ClCompile Include="OrderMinionSiege.cpp">
      <Filter>GameObject\Unit\Minion\Order</Filter>
    </ClCompile>
    <ClCompile Include="OrderMinionSuper.cpp">
      <Filter>GameObject\Unit\Minion\Order</Filter>
    </ClCompile>
    <ClCompile Include="OrderMinionCaster.cpp">
      <Filter>GameObject\Unit\Minion\Order</Filter>
    </ClCompile>
    <ClCompile Include="ChaosMinionCaster.cpp">
      <Filter>GameObject\Unit\Minion\Chaos</Filter>
    </ClCompile>
    <ClCompile Include="ChaosMinionSiege.cpp">
      <Filter>GameObject\Unit\Minion\Chaos</Filter>
    </ClCompile>
    <ClCompile Include="ChaosMinionSuper.cpp">
      <Filter>GameObject\Unit\Minion\Chaos</Filter>
    </ClCompile>
    <ClCompile Include="ChaosMinionMelee.cpp">
      <Filter>GameObject\Unit\Minion\Chaos</Filter>
    </ClCompile>
    <ClCompile Include="Bush.cpp">
      <Filter>GameObject\Unit\Bush</Filter>
    </ClCompile>
    <ClCompile Include="Monster.cpp">
      <Filter>GameObject\Unit\Monster</Filter>
    </ClCompile>
    <ClCompile Include="BlueMonster.cpp">
      <Filter>GameObject\Unit\Monster\Jungle</Filter>
    </ClCompile>
    <ClCompile Include="Gromp.cpp">
      <Filter>GameObject\Unit\Monster\Jungle</Filter>
    </ClCompile>
    <ClCompile Include="Krug.cpp">
      <Filter>GameObject\Unit\Monster\Jungle</Filter>
    </ClCompile>
    <ClCompile Include="KrugMini.cpp">
      <Filter>GameObject\Unit\Monster\Jungle</Filter>
    </ClCompile>
    <ClCompile Include="Murkwolf.cpp">
      <Filter>GameObject\Unit\Monster\Jungle</Filter>
    </ClCompile>
    <ClCompile Include="MurkwolfMini.cpp">
      <Filter>GameObject\Unit\Monster\Jungle</Filter>
    </ClCompile>
    <ClCompile Include="Razorbeak.cpp">
      <Filter>GameObject\Unit\Monster\Jungle</Filter>
    </ClCompile>
    <ClCompile Include="RazorbeakMini.cpp">
      <Filter>GameObject\Unit\Monster\Jungle</Filter>
    </ClCompile>
    <ClCompile Include="RedMonster.cpp">
      <Filter>GameObject\Unit\Monster\Jungle</Filter>
    </ClCompile>
    <ClCompile Include="Scuttleracer.cpp">
      <Filter>GameObject\Unit\Monster\Jungle</Filter>
    </ClCompile>
    <ClCompile Include="FloatingBar.cpp">
      <Filter>GameObject\UI\FloatingBar</Filter>
    </ClCompile>
    <ClCompile Include="FloatingHPBar.cpp">
      <Filter>GameObject\UI\FloatingBar</Filter>
    </ClCompile>
    <ClCompile Include="Jax.cpp">
      <Filter>GameObject\Unit\Champion\Jax</Filter>
    </ClCompile>
    <ClCompile Include="GameScene.cpp">
      <Filter>Scene</Filter>
    </ClCompile>
    <ClCompile Include="RenderTarget.cpp">
      <Filter>Lib\Graphics\RenderTarget</Filter>
    </ClCompile>
    <ClCompile Include="RenderTargetImpl.cpp">
      <Filter>Lib\Graphics\RenderTarget\impl</Filter>
    </ClCompile>
    <ClCompile Include="Nexus.cpp">
      <Filter>GameObject\Unit\Building\Nexus</Filter>
    </ClCompile>
    <ClCompile Include="TurretBreak.cpp">
      <Filter>GameObject\Unit\Building\Turret</Filter>
    </ClCompile>
    <ClCompile Include="TurretFloatingBar.cpp">
      <Filter>GameObject\Unit\Building\Turret</Filter>
    </ClCompile>
    <ClCompile Include="TurretMissile.cpp">
      <Filter>GameObject\Unit\Building\Turret</Filter>
    </ClCompile>
    <ClCompile Include="MinionAI.cpp">
      <Filter>Component\AI</Filter>
    </ClCompile>
    <ClCompile Include="Indicator.cpp">
      <Filter>GameObject\UI\Indicator</Filter>
    </ClCompile>
    <ClCompile Include="MonsterAI.cpp">
      <Filter>Component\AI</Filter>
    </ClCompile>
    <ClCompile Include="MinionFloatingBar.cpp">
      <Filter>GameObject\UI\FloatingBar</Filter>
    </ClCompile>
    <ClCompile Include="NetPlayerController.cpp">
      <Filter>Component\PlayerController</Filter>
    </ClCompile>
    <ClCompile Include="RenderSystem.cpp">
      <Filter>Component\Renderer</Filter>
    </ClCompile>
    <ClCompile Include="Renderer.cpp">
      <Filter>Component\Renderer</Filter>
    </ClCompile>
    <ClCompile Include="DeferredStaticMeshRenderer.cpp">
      <Filter>Component\Renderer\StaticMeshRenderer\DeferredStaticMeshRenderer</Filter>
    </ClCompile>
    <ClCompile Include="Stat.cpp">
      <Filter>Component\Stat</Filter>
    </ClCompile>
    <ClCompile Include="LabelRenderer.cpp">
      <Filter>Component\Renderer\UIRenderer</Filter>
    </ClCompile>
    <ClCompile Include="Event.cpp">
      <Filter>Lib\Event</Filter>
    </ClCompile>
    <ClCompile Include="Bar.cpp">
      <Filter>GameObject\UI</Filter>
    </ClCompile>
    <ClCompile Include="Event.cpp" />
    <ClCompile Include="LabelRenderer.cpp" />
    <ClCompile Include="Button.cpp">
      <Filter>GameObject\UI\Control</Filter>
    </ClCompile>
    <ClCompile Include="Label.cpp">
      <Filter>GameObject\UI\Control</Filter>
    </ClCompile>
    <ClCompile Include="Panel.cpp">
      <Filter>GameObject\UI\Control</Filter>
    </ClCompile>
    <ClCompile Include="PlayerInfoPanel.cpp">
      <Filter>GameObject\UI\PlayerInfoPanel</Filter>
    </ClCompile>
    <ClCompile Include="MinimapPanel.cpp">
      <Filter>GameObject\UI\MinimapPanel</Filter>
    </ClCompile>
    <ClCompile Include="UIManager.cpp">
      <Filter>GameObject\UI</Filter>
    </ClCompile>
    <ClCompile Include="UIRenderer.cpp">
      <Filter>Component\Renderer\UIRenderer</Filter>
    </ClCompile>
    <ClCompile Include="TestEncoding.cpp" />
    <ClCompile Include="Event.cpp" />
    <ClCompile Include="LabelRenderer.cpp" />
    <ClCompile Include="SkinnedMeshRenderer.cpp">
      <Filter>Component\Renderer\SkinnedMeshRenderer</Filter>
    </ClCompile>
    <ClCompile Include="Math.cpp">
      <Filter>Lib\Math</Filter>
    </ClCompile>
    <ClCompile Include="MiniScorePanel.cpp">
      <Filter>GameObject\UI\ScorePanel</Filter>
    </ClCompile>
    <ClCompile Include="ItemshopPanel.cpp">
      <Filter>GameObject\UI\ItemshopPanel</Filter>
    </ClCompile>
    <ClCompile Include="OutlinedSlot.cpp">
      <Filter>GameObject\UI\Control</Filter>
    </ClCompile>
    <ClCompile Include="BehaviorTree.cpp">
      <Filter>Component\BehaviorTree</Filter>
    </ClCompile>
    <ClCompile Include="DamageObject.cpp">
      <Filter>GameObject\DamageObject</Filter>
    </ClCompile>
    <ClCompile Include="DamageCalc.cpp">
      <Filter>Lib\DamageCalc</Filter>
    </ClCompile>
    <ClCompile Include="DamageCalc_Basic.cpp">
      <Filter>Lib\DamageCalc</Filter>
    </ClCompile>
    <ClCompile Include="DamageCalc_LostHpPercent.cpp">
      <Filter>Lib\DamageCalc</Filter>
    </ClCompile>
    <ClCompile Include="DamageCalc_CurrentHpPercent.cpp">
      <Filter>Lib\DamageCalc</Filter>
    </ClCompile>
    <ClCompile Include="DamageCalc_MaxHpPercent.cpp">
      <Filter>Lib\DamageCalc</Filter>
    </ClCompile>
    <ClCompile Include="FogOfWarRenderer.cpp">
      <Filter>Component\Renderer\FogOfWar</Filter>
    </ClCompile>
    <ClCompile Include="FogOfWarRenderSystem.cpp">
      <Filter>Component\Renderer\FogOfWar</Filter>
    </ClCompile>
    <ClCompile Include="FogOfWarObstacleRenderer.cpp">
      <Filter>Component\Renderer\FogOfWar</Filter>
    </ClCompile>
    <ClCompile Include="Time.cpp">
      <Filter>Lib\Manager</Filter>
    </ClCompile>
    <ClCompile Include="Scene.cpp">
      <Filter>Scene</Filter>
    </ClCompile>
    <ClCompile Include="Input.cpp">
      <Filter>Lib\Manager</Filter>
    </ClCompile>
    <ClCompile Include="Skill.cpp">
      <Filter>Skill</Filter>
    </ClCompile>
    <ClCompile Include="MiniMapRenderer.cpp">
      <Filter>Component\Renderer\UIRenderer\MiniMapRenderer</Filter>
    </ClCompile>
    <ClCompile Include="DistortionRenderer.cpp">
      <Filter>Component\Renderer\DistortionRenderer</Filter>
    </ClCompile>
    <ClCompile Include="Buff.cpp">
      <Filter>Buff</Filter>
    </ClCompile>
    <ClCompile Include="ScorePanel.cpp">
      <Filter>GameObject\UI\ScorePanel</Filter>
    </ClCompile>
    <ClCompile Include="Buff_GarenQAttack.cpp">
      <Filter>Buff\Garen</Filter>
    </ClCompile>
    <ClCompile Include="Buff_GarenQHaste.cpp">
      <Filter>Buff\Garen</Filter>
    </ClCompile>
    <ClCompile Include="Skill_Garen_Q.cpp">
      <Filter>Skill\Garen</Filter>
    </ClCompile>
    <ClCompile Include="Buff_GarenQAttack.cpp">
      <Filter>Buff\Garen</Filter>
    </ClCompile>
    <ClCompile Include="Buff_GarenQHaste.cpp">
      <Filter>Buff\Garen</Filter>
    </ClCompile>
    <ClCompile Include="Buff_OnHit.cpp">
      <Filter>Buff</Filter>
    </ClCompile>
    <ClCompile Include="DamageCalc_OnHit.cpp">
      <Filter>Lib\DamageCalc</Filter>
    </ClCompile>
    <ClCompile Include="Buff_GarenWReduction.cpp">
      <Filter>Buff\Garen</Filter>
    </ClCompile>
    <ClCompile Include="Skill_Garen_W.cpp">
      <Filter>Skill\Garen</Filter>
    </ClCompile>
    <ClCompile Include="Buff_GarenWShield.cpp">
      <Filter>Buff\Garen</Filter>
    </ClCompile>
    <ClCompile Include="ForwardRenderer.cpp">
      <Filter>Component\Renderer\ForwardRenderer</Filter>
    </ClCompile>
    <ClCompile Include="Skill_Garen_E.cpp">
      <Filter>Skill\Garen</Filter>
    </ClCompile>
    <ClCompile Include="DamageObject_Garen_E.cpp">
      <Filter>GameObject\DamageObject\Garen</Filter>
    </ClCompile>
    <ClCompile Include="Buff_GarenEDamage.cpp">
      <Filter>Buff\Garen</Filter>
    </ClCompile>
    <ClCompile Include="Skill_Garen_R.cpp">
      <Filter>Skill\Garen</Filter>
    </ClCompile>
    <ClCompile Include="Buff_GarenEArmorDec.cpp">
      <Filter>Buff\Garen</Filter>
    </ClCompile>
    <ClCompile Include="Skill_Garen_P.cpp">
      <Filter>Skill\Garen</Filter>
    </ClCompile>
    <ClCompile Include="Buff_GarenPHealthRegen.cpp">
      <Filter>Buff\Garen</Filter>
    </ClCompile>
    <ClCompile Include="ChampionSubTree.cpp">
      <Filter>Component\BehaviorTree\SubTree\ChampTree</Filter>
    </ClCompile>
    <ClCompile Include="MonsterSubTree.cpp">
      <Filter>Component\BehaviorTree\SubTree\MonsterTree</Filter>
    </ClCompile>
    <ClCompile Include="MinionSubTree.cpp">
      <Filter>Component\BehaviorTree\SubTree\MinionTree</Filter>
    </ClCompile>
    <ClCompile Include="Buff_GarenWPassive.cpp">
      <Filter>Buff\Garen</Filter>
    </ClCompile>
    <ClCompile Include="TurretSubTree.cpp">
      <Filter>Component\BehaviorTree\SubTree\TurretTree</Filter>
    </ClCompile>
    <ClCompile Include="DamageCalc_Critical.cpp">
      <Filter>Lib\DamageCalc</Filter>
    </ClCompile>
    <ClCompile Include="Skill_Ghost.cpp">
      <Filter>Skill\Spell</Filter>
    </ClCompile>
    <ClCompile Include="Buff_Ghost.cpp">
      <Filter>Buff\Spell</Filter>
    </ClCompile>
    <ClCompile Include="Skill_Attack.cpp">
      <Filter>Skill\Common</Filter>
    </ClCompile>
    <ClCompile Include="ItemManager.cpp">
      <Filter>GameObject\Item</Filter>
    </ClCompile>
    <ClCompile Include="Skill_Heal.cpp">
      <Filter>Skill\Spell</Filter>
    </ClCompile>
    <ClCompile Include="Buff_HealMoveSpeed.cpp">
      <Filter>Buff\Spell</Filter>
    </ClCompile>
    <ClCompile Include="ItemshopSlot.cpp">
      <Filter>GameObject\UI\ItemshopPanel</Filter>
    </ClCompile>
    <ClCompile Include="ItemshopTreePanel.cpp">
      <Filter>GameObject\UI\ItemshopPanel</Filter>
    </ClCompile>
    <ClCompile Include="TargetingSkill.cpp">
      <Filter>Skill\Common</Filter>
    </ClCompile>
    <ClCompile Include="EffectObject.cpp">
      <Filter>GameObject\EffectObject</Filter>
    </ClCompile>
    <ClCompile Include="TestScene2.cpp">
      <Filter>Scene</Filter>
    </ClCompile>
    <ClCompile Include="Skill_RangeAttack.cpp">
      <Filter>Skill\Common</Filter>
    </ClCompile>
    <ClCompile Include="Missile.cpp">
      <Filter>GameObject\Missile</Filter>
    </ClCompile>
    <ClCompile Include="EffectObject.cpp">
      <Filter>GameObject\EffectObject</Filter>
    </ClCompile>
    <ClCompile Include="Skill_MissFortune_W.cpp">
      <Filter>Skill\MissFortune</Filter>
    </ClCompile>
    <ClCompile Include="Buff_MissFortuneWAttackSpeed.cpp">
      <Filter>Buff\MissFortune</Filter>
    </ClCompile>
    <ClCompile Include="Buff_MissFortuneWMoveSpeed.cpp">
      <Filter>Buff\MissFortune</Filter>
    </ClCompile>
    <ClCompile Include="Skill_MissFortune_E.cpp">
      <Filter>Skill\MissFortune</Filter>
    </ClCompile>
    <ClCompile Include="DamageObject_MissFortune_E.cpp">
      <Filter>GameObject\DamageObject\MissFortune</Filter>
    </ClCompile>
    <ClCompile Include="Buff_MissFortuneESlow.cpp">
      <Filter>Buff\MissFortune</Filter>
    </ClCompile>
    <ClCompile Include="Skill_MissFortune_P.cpp">
      <Filter>Skill\MissFortune</Filter>
    </ClCompile>
    <ClCompile Include="TextBox.cpp">
      <Filter>GameObject\UI\Control</Filter>
    </ClCompile>
    <ClCompile Include="Effect_Red_Buff.cpp">
      <Filter>GameObject\EffectObject\BuffEffect</Filter>
    </ClCompile>
    <ClCompile Include="Effect_Baron_Buff.cpp">
      <Filter>GameObject\EffectObject\BuffEffect</Filter>
    </ClCompile>
    <ClCompile Include="Effect_Blue_Buff.cpp">
      <Filter>GameObject\EffectObject\BuffEffect</Filter>
    </ClCompile>
    <ClCompile Include="Aura.cpp">
      <Filter>Component\Aura</Filter>
    </ClCompile>
    <ClCompile Include="Color.cpp">
      <Filter>Lib\Base</Filter>
    </ClCompile>
    <ClCompile Include="Debug.cpp">
      <Filter>Lib\Base</Filter>
    </ClCompile>
    <ClCompile Include="Matrix.cpp">
      <Filter>Lib\Base</Filter>
    </ClCompile>
    <ClCompile Include="Quaternion.cpp">
      <Filter>Lib\Base</Filter>
    </ClCompile>
    <ClCompile Include="Random.cpp">
      <Filter>Lib\Base</Filter>
    </ClCompile>
    <ClCompile Include="TextParser.cpp">
      <Filter>Lib\Base</Filter>
    </ClCompile>
    <ClCompile Include="Vector2.cpp">
      <Filter>Lib\Base</Filter>
    </ClCompile>
    <ClCompile Include="Vector3.cpp">
      <Filter>Lib\Base</Filter>
    </ClCompile>
    <ClCompile Include="Vertex.cpp">
      <Filter>Lib\Base</Filter>
    </ClCompile>
    <ClCompile Include="MinionSpawner.cpp" />
    <ClCompile Include="Inhibitor.cpp" />
    <ClCompile Include="Form.cpp">
      <Filter>GameObject\UI\Control</Filter>
    </ClCompile>
    <ClCompile Include="Tooltip.cpp">
      <Filter>GameObject\UI\Control\Tooltip</Filter>
    </ClCompile>
    <ClCompile Include="Buff_ItemStat.cpp">
      <Filter>Buff\Item</Filter>
    </ClCompile>
    <ClCompile Include="Skill_Item_Cleave.cpp">
      <Filter>Skill\Item\Epic</Filter>
    </ClCompile>
    <ClCompile Include="Skill_Item_Crescent.cpp">
      <Filter>Skill\Item\Epic</Filter>
    </ClCompile>
    <ClCompile Include="Skill_Item_Nimble.cpp">
      <Filter>Skill\Item\Epic</Filter>
    </ClCompile>
    <ClCompile Include="Skill_Item_SpellBlade.cpp">
      <Filter>Skill\Item\Epic</Filter>
    </ClCompile>
    <ClCompile Include="Skill_Item_Thorns.cpp">
      <Filter>Skill\Item\Epic</Filter>
    </ClCompile>
    <ClCompile Include="Skill_Item_WitchsFocus.cpp">
      <Filter>Skill\Item\Epic</Filter>
    </ClCompile>
    <ClCompile Include="Skill_Item_SteelTipped.cpp">
      <Filter>Skill\Item\Epic</Filter>
    </ClCompile>
    <ClCompile Include="Skill_Item_Precision.cpp">
      <Filter>Skill\Item\Epic</Filter>
    </ClCompile>
    <ClCompile Include="Skill_Item_ManaCharge.cpp">
      <Filter>Skill\Item\Start</Filter>
    </ClCompile>
    <ClCompile Include="Skill_Item_WraithStep.cpp">
      <Filter>Skill\Item\Legendary</Filter>
    </ClCompile>
    <ClCompile Include="Skill_Item_Dreadnought.cpp">
      <Filter>Skill\Item\Legendary</Filter>
    </ClCompile>
    <ClCompile Include="Buff_Item_Nimble.cpp">
      <Filter>Buff\Item\Skill\Epic</Filter>
    </ClCompile>
    <ClCompile Include="Buff_Item_SpellBlade.cpp">
      <Filter>Buff\Item\Skill\Epic</Filter>
    </ClCompile>
    <ClCompile Include="Buff_Item_SteelTipped.cpp">
      <Filter>Buff\Item\Skill\Epic</Filter>
    </ClCompile>
    <ClCompile Include="Buff_Item_WitchsFocus.cpp">
      <Filter>Buff\Item\Skill\Epic</Filter>
    </ClCompile>
    <ClCompile Include="Buff_Item_WraithStep_P.cpp">
      <Filter>Buff\Item\Skill\Legendary</Filter>
    </ClCompile>
    <ClCompile Include="Buff_Item_WraithStep.cpp">
      <Filter>Buff\Item\Skill\Legendary</Filter>
    </ClCompile>
    <ClCompile Include="Buff_Item_Dreadnought.cpp">
      <Filter>Buff\Item\Skill\Legendary</Filter>
    </ClCompile>
    <ClCompile Include="Buff_Item_ManaCharge.cpp">
      <Filter>Buff\Item\Skill\Start</Filter>
    </ClCompile>
    <ClCompile Include="Effect_Garen_E.cpp">
      <Filter>GameObject\EffectObject\GarenEffect</Filter>
    </ClCompile>
    <ClCompile Include="Effect_Garen_R.cpp" />
    <ClCompile Include="Skill_Item_Immolate.cpp">
      <Filter>Skill\Item\Epic</Filter>
    </ClCompile>
    <ClCompile Include="Skill_Item_HealthPotion.cpp" />
    <ClCompile Include="Buff_Item_HealthPotion.cpp" />
    <ClCompile Include="EndofgamePanel.cpp">
      <Filter>GameObject\UI\EndofgamePanel</Filter>
    </ClCompile>
    <ClCompile Include="ChampionAI.cpp" />
    <ClCompile Include="Effect_Garen_W.cpp">
      <Filter>GameObject\EffectObject\GarenEffect</Filter>
    </ClCompile>
    <ClCompile Include="Effect_Garen_W_Shield.cpp">
      <Filter>GameObject\EffectObject\GarenEffect</Filter>
    </ClCompile>
    <ClCompile Include="ChampionAI.cpp" />
    <ClCompile Include="ScuttleracerAI.cpp">
      <Filter>Component\AI</Filter>
    </ClCompile>
    <ClCompile Include="Effect_Garen_R_SwordMove.cpp">
      <Filter>GameObject\EffectObject\GarenEffect</Filter>
    </ClCompile>
    <ClCompile Include="Effect_Garen_R_SwordFixed.cpp">
      <Filter>GameObject\EffectObject\GarenEffect</Filter>
    </ClCompile>
    <ClCompile Include="Effect_Garen_R_GroundDecal.cpp">
      <Filter>GameObject\EffectObject\GarenEffect</Filter>
    </ClCompile>
    <ClCompile Include="Effect_Garen_R_GroundImpact.cpp">
      <Filter>GameObject\EffectObject\GarenEffect</Filter>
    </ClCompile>
    <ClCompile Include="Effect_Garen_R_Dome.cpp">
      <Filter>GameObject\EffectObject\GarenEffect</Filter>
    </ClCompile>
    <ClCompile Include="Effect_Garen_Q_Impact.cpp">
      <Filter>GameObject\EffectObject\GarenEffect</Filter>
    </ClCompile>
    <ClCompile Include="Effect_Garen_Q_Start.cpp">
      <Filter>GameObject\EffectObject\GarenEffect</Filter>
    </ClCompile>
  </ItemGroup>
  <ItemGroup>
    <Image Include="Resource\Icon\league_of_legends.live.ico">
      <Filter>99. Defaults</Filter>
    </Image>
  </ItemGroup>
  <ItemGroup>
    <ResourceCompile Include="D3DFramework.rc">
      <Filter>99. Defaults</Filter>
    </ResourceCompile>
  </ItemGroup>
  <ItemGroup>
    <Text Include="CodingConvention.txt" />
    <Text Include="TODO.txt" />
  </ItemGroup>
  <ItemGroup>
    <None Include="BaseObject.inl">
      <Filter>BaseObject</Filter>
    </None>
    <None Include=".editorconfig" />
  </ItemGroup>
  <ItemGroup>
    <CopyFileToFolders Include="deferred_shader.fx">
      <Filter>Lib\Graphics\shader</Filter>
    </CopyFileToFolders>
    <CopyFileToFolders Include="deferred_render.fx">
      <Filter>Lib\Graphics\shader</Filter>
    </CopyFileToFolders>
    <CopyFileToFolders Include="HPBarEffect.fx">
      <Filter>Lib\Graphics\shader</Filter>
    </CopyFileToFolders>
    <CopyFileToFolders Include="shadow_map_shader.fx">
      <Filter>Lib\Graphics\shader</Filter>
    </CopyFileToFolders>
  </ItemGroup>
  <ItemGroup>
    <FxCompile Include="fogOfWar_render.fx">
      <Filter>Lib\Graphics\shader</Filter>
    </FxCompile>
    <FxCompile Include="blur.fx">
      <Filter>Lib\Graphics\shader</Filter>
    </FxCompile>
    <FxCompile Include="distortion.fx">
      <Filter>Lib\Graphics\shader</Filter>
    </FxCompile>
    <FxCompile Include="forward.fx">
      <Filter>Lib\Graphics\shader</Filter>
    </FxCompile>
  </ItemGroup>
</Project>